
Microsoft Visual Studio Solution File, Format Version 12.00
# TcXaeShell Solution File, Format Version 11.00
VisualStudioVersion = 17.7.34302.85
MinimumVisualStudioVersion = 10.0.40219.1
Project("{B1E792BE-AA5F-4E3C-8C82-674BF9C0715B}") = "TwinCAT.OpenFramework", "TwinCAT.OpenFramework.tsproj", "{F29F9ED4-82E8-4730-AD66-2AEA87F2389D}"
EndProject
Global
	GlobalSection(SolutionConfigurationPlatforms) = preSolution
		Debug|TwinCAT CE7 (ARMV7) = Debug|TwinCAT CE7 (ARMV7)
		Debug|TwinCAT OS (ARMT2) = Debug|TwinCAT OS (ARMT2)
		Debug|TwinCAT OS (ARMV7-A) = Debug|TwinCAT OS (ARMV7-A)
		Debug|TwinCAT OS (ARMV7-M) = Debug|TwinCAT OS (ARMV7-M)
		Debug|TwinCAT OS (ARMV8-A) = Debug|TwinCAT OS (ARMV8-A)
		Debug|TwinCAT OS (x64) = Debug|TwinCAT OS (x64)
		Debug|TwinCAT OS (x64-E) = Debug|TwinCAT OS (x64-E)
		Debug|TwinCAT RT (x64) = Debug|TwinCAT RT (x64)
		Debug|TwinCAT RT (x86) = Debug|TwinCAT RT (x86)
		Release|TwinCAT CE7 (ARMV7) = Release|TwinCAT CE7 (ARMV7)
		Release|TwinCAT OS (ARMT2) = Release|TwinCAT OS (ARMT2)
		Release|TwinCAT OS (ARMV7-A) = Release|TwinCAT OS (ARMV7-A)
		Release|TwinCAT OS (ARMV7-M) = Release|TwinCAT OS (ARMV7-M)
		Release|TwinCAT OS (ARMV8-A) = Release|TwinCAT OS (ARMV8-A)
		Release|TwinCAT OS (x64) = Release|TwinCAT OS (x64)
		Release|TwinCAT OS (x64-E) = Release|TwinCAT OS (x64-E)
		Release|TwinCAT RT (x64) = Release|TwinCAT RT (x64)
		Release|TwinCAT RT (x86) = Release|TwinCAT RT (x86)
	EndGlobalSection
	GlobalSection(ProjectConfigurationPlatforms) = postSolution
		{F29F9ED4-82E8-4730-AD66-2AEA87F2389D}.Debug|TwinCAT CE7 (ARMV7).ActiveCfg = Debug|TwinCAT CE7 (ARMV7)
		{F29F9ED4-82E8-4730-AD66-2AEA87F2389D}.Debug|TwinCAT CE7 (ARMV7).Build.0 = Debug|TwinCAT CE7 (ARMV7)
		{F29F9ED4-82E8-4730-AD66-2AEA87F2389D}.Debug|TwinCAT OS (ARMT2).ActiveCfg = Debug|TwinCAT OS (ARMT2)
		{F29F9ED4-82E8-4730-AD66-2AEA87F2389D}.Debug|TwinCAT OS (ARMT2).Build.0 = Debug|TwinCAT OS (ARMT2)
		{F29F9ED4-82E8-4730-AD66-2AEA87F2389D}.Debug|TwinCAT OS (ARMV7-A).ActiveCfg = Debug|TwinCAT OS (ARMV7-A)
		{F29F9ED4-82E8-4730-AD66-2AEA87F2389D}.Debug|TwinCAT OS (ARMV7-A).Build.0 = Debug|TwinCAT OS (ARMV7-A)
		{F29F9ED4-82E8-4730-AD66-2AEA87F2389D}.Debug|TwinCAT OS (ARMV7-M).ActiveCfg = Debug|TwinCAT OS (ARMV7-M)
		{F29F9ED4-82E8-4730-AD66-2AEA87F2389D}.Debug|TwinCAT OS (ARMV7-M).Build.0 = Debug|TwinCAT OS (ARMV7-M)
		{F29F9ED4-82E8-4730-AD66-2AEA87F2389D}.Debug|TwinCAT OS (ARMV8-A).ActiveCfg = Debug|TwinCAT OS (ARMV8-A)
		{F29F9ED4-82E8-4730-AD66-2AEA87F2389D}.Debug|TwinCAT OS (ARMV8-A).Build.0 = Debug|TwinCAT OS (ARMV8-A)
		{F29F9ED4-82E8-4730-AD66-2AEA87F2389D}.Debug|TwinCAT OS (x64).ActiveCfg = Debug|TwinCAT OS (x64)
		{F29F9ED4-82E8-4730-AD66-2AEA87F2389D}.Debug|TwinCAT OS (x64).Build.0 = Debug|TwinCAT OS (x64)
		{F29F9ED4-82E8-4730-AD66-2AEA87F2389D}.Debug|TwinCAT OS (x64-E).ActiveCfg = Debug|TwinCAT OS (x64-E)
		{F29F9ED4-82E8-4730-AD66-2AEA87F2389D}.Debug|TwinCAT OS (x64-E).Build.0 = Debug|TwinCAT OS (x64-E)
		{F29F9ED4-82E8-4730-AD66-2AEA87F2389D}.Debug|TwinCAT RT (x64).ActiveCfg = Debug|TwinCAT RT (x64)
		{F29F9ED4-82E8-4730-AD66-2AEA87F2389D}.Debug|TwinCAT RT (x64).Build.0 = Debug|TwinCAT RT (x64)
		{F29F9ED4-82E8-4730-AD66-2AEA87F2389D}.Debug|TwinCAT RT (x86).ActiveCfg = Debug|TwinCAT RT (x86)
		{F29F9ED4-82E8-4730-AD66-2AEA87F2389D}.Debug|TwinCAT RT (x86).Build.0 = Debug|TwinCAT RT (x86)
		{F29F9ED4-82E8-4730-AD66-2AEA87F2389D}.Release|TwinCAT CE7 (ARMV7).ActiveCfg = Release|TwinCAT CE7 (ARMV7)
		{F29F9ED4-82E8-4730-AD66-2AEA87F2389D}.Release|TwinCAT CE7 (ARMV7).Build.0 = Release|TwinCAT CE7 (ARMV7)
		{F29F9ED4-82E8-4730-AD66-2AEA87F2389D}.Release|TwinCAT OS (ARMT2).ActiveCfg = Release|TwinCAT OS (ARMT2)
		{F29F9ED4-82E8-4730-AD66-2AEA87F2389D}.Release|TwinCAT OS (ARMT2).Build.0 = Release|TwinCAT OS (ARMT2)
		{F29F9ED4-82E8-4730-AD66-2AEA87F2389D}.Release|TwinCAT OS (ARMV7-A).ActiveCfg = Release|TwinCAT OS (ARMV7-A)
		{F29F9ED4-82E8-4730-AD66-2AEA87F2389D}.Release|TwinCAT OS (ARMV7-A).Build.0 = Release|TwinCAT OS (ARMV7-A)
		{F29F9ED4-82E8-4730-AD66-2AEA87F2389D}.Release|TwinCAT OS (ARMV7-M).ActiveCfg = Release|TwinCAT OS (ARMV7-M)
		{F29F9ED4-82E8-4730-AD66-2AEA87F2389D}.Release|TwinCAT OS (ARMV7-M).Build.0 = Release|TwinCAT OS (ARMV7-M)
		{F29F9ED4-82E8-4730-AD66-2AEA87F2389D}.Release|TwinCAT OS (ARMV8-A).ActiveCfg = Release|TwinCAT OS (ARMV8-A)
		{F29F9ED4-82E8-4730-AD66-2AEA87F2389D}.Release|TwinCAT OS (ARMV8-A).Build.0 = Release|TwinCAT OS (ARMV8-A)
		{F29F9ED4-82E8-4730-AD66-2AEA87F2389D}.Release|TwinCAT OS (x64).ActiveCfg = Release|TwinCAT OS (x64)
		{F29F9ED4-82E8-4730-AD66-2AEA87F2389D}.Release|TwinCAT OS (x64).Build.0 = Release|TwinCAT OS (x64)
		{F29F9ED4-82E8-4730-AD66-2AEA87F2389D}.Release|TwinCAT OS (x64-E).ActiveCfg = Release|TwinCAT OS (x64-E)
		{F29F9ED4-82E8-4730-AD66-2AEA87F2389D}.Release|TwinCAT OS (x64-E).Build.0 = Release|TwinCAT OS (x64-E)
		{F29F9ED4-82E8-4730-AD66-2AEA87F2389D}.Release|TwinCAT RT (x64).ActiveCfg = Release|TwinCAT RT (x64)
		{F29F9ED4-82E8-4730-AD66-2AEA87F2389D}.Release|TwinCAT RT (x64).Build.0 = Release|TwinCAT RT (x64)
		{F29F9ED4-82E8-4730-AD66-2AEA87F2389D}.Release|TwinCAT RT (x86).ActiveCfg = Release|TwinCAT RT (x86)
		{F29F9ED4-82E8-4730-AD66-2AEA87F2389D}.Release|TwinCAT RT (x86).Build.0 = Release|TwinCAT RT (x86)
		{7AF7DFEF-D152-485D-B118-0A7FDF94CE4D}.Debug|TwinCAT CE7 (ARMV7).ActiveCfg = Debug|TwinCAT CE7 (ARMV7)
		{7AF7DFEF-D152-485D-B118-0A7FDF94CE4D}.Debug|TwinCAT CE7 (ARMV7).Build.0 = Debug|TwinCAT CE7 (ARMV7)
		{7AF7DFEF-D152-485D-B118-0A7FDF94CE4D}.Debug|TwinCAT OS (ARMT2).ActiveCfg = Debug|TwinCAT OS (x64-E)
		{7AF7DFEF-D152-485D-B118-0A7FDF94CE4D}.Debug|TwinCAT OS (ARMT2).Build.0 = Debug|TwinCAT OS (x64-E)
		{7AF7DFEF-D152-485D-B118-0A7FDF94CE4D}.Debug|TwinCAT OS (ARMV7-A).ActiveCfg = Debug|TwinCAT OS (ARMV7-A)
		{7AF7DFEF-D152-485D-B118-0A7FDF94CE4D}.Debug|TwinCAT OS (ARMV7-A).Build.0 = Debug|TwinCAT OS (ARMV7-A)
		{7AF7DFEF-D152-485D-B118-0A7FDF94CE4D}.Debug|TwinCAT OS (ARMV7-M).ActiveCfg = Debug|TwinCAT OS (ARMV7-M)
		{7AF7DFEF-D152-485D-B118-0A7FDF94CE4D}.Debug|TwinCAT OS (ARMV7-M).Build.0 = Debug|TwinCAT OS (ARMV7-M)
		{7AF7DFEF-D152-485D-B118-0A7FDF94CE4D}.Debug|TwinCAT OS (ARMV8-A).ActiveCfg = Debug|TwinCAT OS (ARMV8-A)
		{7AF7DFEF-D152-485D-B118-0A7FDF94CE4D}.Debug|TwinCAT OS (ARMV8-A).Build.0 = Debug|TwinCAT OS (ARMV8-A)
		{7AF7DFEF-D152-485D-B118-0A7FDF94CE4D}.Debug|TwinCAT OS (x64).ActiveCfg = Debug|TwinCAT OS (x64)
		{7AF7DFEF-D152-485D-B118-0A7FDF94CE4D}.Debug|TwinCAT OS (x64).Build.0 = Debug|TwinCAT OS (x64)
		{7AF7DFEF-D152-485D-B118-0A7FDF94CE4D}.Debug|TwinCAT OS (x64-E).ActiveCfg = Debug|TwinCAT OS (x64-E)
		{7AF7DFEF-D152-485D-B118-0A7FDF94CE4D}.Debug|TwinCAT OS (x64-E).Build.0 = Debug|TwinCAT OS (x64-E)
		{7AF7DFEF-D152-485D-B118-0A7FDF94CE4D}.Debug|TwinCAT RT (x64).ActiveCfg = Debug|TwinCAT RT (x64)
		{7AF7DFEF-D152-485D-B118-0A7FDF94CE4D}.Debug|TwinCAT RT (x64).Build.0 = Debug|TwinCAT RT (x64)
		{7AF7DFEF-D152-485D-B118-0A7FDF94CE4D}.Debug|TwinCAT RT (x86).ActiveCfg = Debug|TwinCAT RT (x86)
		{7AF7DFEF-D152-485D-B118-0A7FDF94CE4D}.Debug|TwinCAT RT (x86).Build.0 = Debug|TwinCAT RT (x86)
		{7AF7DFEF-D152-485D-B118-0A7FDF94CE4D}.Release|TwinCAT CE7 (ARMV7).ActiveCfg = Release|TwinCAT CE7 (ARMV7)
		{7AF7DFEF-D152-485D-B118-0A7FDF94CE4D}.Release|TwinCAT CE7 (ARMV7).Build.0 = Release|TwinCAT CE7 (ARMV7)
		{7AF7DFEF-D152-485D-B118-0A7FDF94CE4D}.Release|TwinCAT OS (ARMT2).ActiveCfg = Release|TwinCAT OS (x64-E)
		{7AF7DFEF-D152-485D-B118-0A7FDF94CE4D}.Release|TwinCAT OS (ARMT2).Build.0 = Release|TwinCAT OS (x64-E)
		{7AF7DFEF-D152-485D-B118-0A7FDF94CE4D}.Release|TwinCAT OS (ARMV7-A).ActiveCfg = Release|TwinCAT OS (ARMV7-A)
		{7AF7DFEF-D152-485D-B118-0A7FDF94CE4D}.Release|TwinCAT OS (ARMV7-A).Build.0 = Release|TwinCAT OS (ARMV7-A)
		{7AF7DFEF-D152-485D-B118-0A7FDF94CE4D}.Release|TwinCAT OS (ARMV7-M).ActiveCfg = Release|TwinCAT OS (ARMV7-M)
		{7AF7DFEF-D152-485D-B118-0A7FDF94CE4D}.Release|TwinCAT OS (ARMV7-M).Build.0 = Release|TwinCAT OS (ARMV7-M)
		{7AF7DFEF-D152-485D-B118-0A7FDF94CE4D}.Release|TwinCAT OS (ARMV8-A).ActiveCfg = Release|TwinCAT OS (ARMV8-A)
		{7AF7DFEF-D152-485D-B118-0A7FDF94CE4D}.Release|TwinCAT OS (ARMV8-A).Build.0 = Release|TwinCAT OS (ARMV8-A)
		{7AF7DFEF-D152-485D-B118-0A7FDF94CE4D}.Release|TwinCAT OS (x64).ActiveCfg = Release|TwinCAT OS (x64)
		{7AF7DFEF-D152-485D-B118-0A7FDF94CE4D}.Release|TwinCAT OS (x64).Build.0 = Release|TwinCAT OS (x64)
		{7AF7DFEF-D152-485D-B118-0A7FDF94CE4D}.Release|TwinCAT OS (x64-E).ActiveCfg = Release|TwinCAT OS (x64-E)
		{7AF7DFEF-D152-485D-B118-0A7FDF94CE4D}.Release|TwinCAT OS (x64-E).Build.0 = Release|TwinCAT OS (x64-E)
		{7AF7DFEF-D152-485D-B118-0A7FDF94CE4D}.Release|TwinCAT RT (x64).ActiveCfg = Release|TwinCAT RT (x64)
		{7AF7DFEF-D152-485D-B118-0A7FDF94CE4D}.Release|TwinCAT RT (x64).Build.0 = Release|TwinCAT RT (x64)
		{7AF7DFEF-D152-485D-B118-0A7FDF94CE4D}.Release|TwinCAT RT (x86).ActiveCfg = Release|TwinCAT RT (x86)
		{7AF7DFEF-D152-485D-B118-0A7FDF94CE4D}.Release|TwinCAT RT (x86).Build.0 = Release|TwinCAT RT (x86)
		{BC48869A-7B68-41B6-98F7-4C31BECC1D7E}.Debug|TwinCAT CE7 (ARMV7).ActiveCfg = Debug|TwinCAT CE7 (ARMV7)
		{BC48869A-7B68-41B6-98F7-4C31BECC1D7E}.Debug|TwinCAT CE7 (ARMV7).Build.0 = Debug|TwinCAT CE7 (ARMV7)
		{BC48869A-7B68-41B6-98F7-4C31BECC1D7E}.Debug|TwinCAT OS (ARMT2).ActiveCfg = Debug|TwinCAT OS (x64-E)
		{BC48869A-7B68-41B6-98F7-4C31BECC1D7E}.Debug|TwinCAT OS (ARMT2).Build.0 = Debug|TwinCAT OS (x64-E)
		{BC48869A-7B68-41B6-98F7-4C31BECC1D7E}.Debug|TwinCAT OS (ARMV7-A).ActiveCfg = Debug|TwinCAT OS (ARMV7-A)
		{BC48869A-7B68-41B6-98F7-4C31BECC1D7E}.Debug|TwinCAT OS (ARMV7-A).Build.0 = Debug|TwinCAT OS (ARMV7-A)
		{BC48869A-7B68-41B6-98F7-4C31BECC1D7E}.Debug|TwinCAT OS (ARMV7-M).ActiveCfg = Debug|TwinCAT OS (ARMV7-M)
		{BC48869A-7B68-41B6-98F7-4C31BECC1D7E}.Debug|TwinCAT OS (ARMV7-M).Build.0 = Debug|TwinCAT OS (ARMV7-M)
		{BC48869A-7B68-41B6-98F7-4C31BECC1D7E}.Debug|TwinCAT OS (ARMV8-A).ActiveCfg = Debug|TwinCAT OS (ARMV8-A)
		{BC48869A-7B68-41B6-98F7-4C31BECC1D7E}.Debug|TwinCAT OS (ARMV8-A).Build.0 = Debug|TwinCAT OS (ARMV8-A)
		{BC48869A-7B68-41B6-98F7-4C31BECC1D7E}.Debug|TwinCAT OS (x64).ActiveCfg = Debug|TwinCAT OS (x64)
		{BC48869A-7B68-41B6-98F7-4C31BECC1D7E}.Debug|TwinCAT OS (x64).Build.0 = Debug|TwinCAT OS (x64)
		{BC48869A-7B68-41B6-98F7-4C31BECC1D7E}.Debug|TwinCAT OS (x64-E).ActiveCfg = Debug|TwinCAT OS (x64-E)
		{BC48869A-7B68-41B6-98F7-4C31BECC1D7E}.Debug|TwinCAT OS (x64-E).Build.0 = Debug|TwinCAT OS (x64-E)
		{BC48869A-7B68-41B6-98F7-4C31BECC1D7E}.Debug|TwinCAT RT (x64).ActiveCfg = Debug|TwinCAT RT (x64)
		{BC48869A-7B68-41B6-98F7-4C31BECC1D7E}.Debug|TwinCAT RT (x64).Build.0 = Debug|TwinCAT RT (x64)
		{BC48869A-7B68-41B6-98F7-4C31BECC1D7E}.Debug|TwinCAT RT (x86).ActiveCfg = Debug|TwinCAT RT (x86)
		{BC48869A-7B68-41B6-98F7-4C31BECC1D7E}.Debug|TwinCAT RT (x86).Build.0 = Debug|TwinCAT RT (x86)
		{BC48869A-7B68-41B6-98F7-4C31BECC1D7E}.Release|TwinCAT CE7 (ARMV7).ActiveCfg = Release|TwinCAT CE7 (ARMV7)
		{BC48869A-7B68-41B6-98F7-4C31BECC1D7E}.Release|TwinCAT CE7 (ARMV7).Build.0 = Release|TwinCAT CE7 (ARMV7)
		{BC48869A-7B68-41B6-98F7-4C31BECC1D7E}.Release|TwinCAT OS (ARMT2).ActiveCfg = Release|TwinCAT OS (x64-E)
		{BC48869A-7B68-41B6-98F7-4C31BECC1D7E}.Release|TwinCAT OS (ARMT2).Build.0 = Release|TwinCAT OS (x64-E)
		{BC48869A-7B68-41B6-98F7-4C31BECC1D7E}.Release|TwinCAT OS (ARMV7-A).ActiveCfg = Release|TwinCAT OS (ARMV7-A)
		{BC48869A-7B68-41B6-98F7-4C31BECC1D7E}.Release|TwinCAT OS (ARMV7-A).Build.0 = Release|TwinCAT OS (ARMV7-A)
		{BC48869A-7B68-41B6-98F7-4C31BECC1D7E}.Release|TwinCAT OS (ARMV7-M).ActiveCfg = Release|TwinCAT OS (ARMV7-M)
		{BC48869A-7B68-41B6-98F7-4C31BECC1D7E}.Release|TwinCAT OS (ARMV7-M).Build.0 = Release|TwinCAT OS (ARMV7-M)
		{BC48869A-7B68-41B6-98F7-4C31BECC1D7E}.Release|TwinCAT OS (ARMV8-A).ActiveCfg = Release|TwinCAT OS (ARMV8-A)
		{BC48869A-7B68-41B6-98F7-4C31BECC1D7E}.Release|TwinCAT OS (ARMV8-A).Build.0 = Release|TwinCAT OS (ARMV8-A)
		{BC48869A-7B68-41B6-98F7-4C31BECC1D7E}.Release|TwinCAT OS (x64).ActiveCfg = Release|TwinCAT OS (x64)
		{BC48869A-7B68-41B6-98F7-4C31BECC1D7E}.Release|TwinCAT OS (x64).Build.0 = Release|TwinCAT OS (x64)
		{BC48869A-7B68-41B6-98F7-4C31BECC1D7E}.Release|TwinCAT OS (x64-E).ActiveCfg = Release|TwinCAT OS (x64-E)
		{BC48869A-7B68-41B6-98F7-4C31BECC1D7E}.Release|TwinCAT OS (x64-E).Build.0 = Release|TwinCAT OS (x64-E)
		{BC48869A-7B68-41B6-98F7-4C31BECC1D7E}.Release|TwinCAT RT (x64).ActiveCfg = Release|TwinCAT RT (x64)
		{BC48869A-7B68-41B6-98F7-4C31BECC1D7E}.Release|TwinCAT RT (x64).Build.0 = Release|TwinCAT RT (x64)
		{BC48869A-7B68-41B6-98F7-4C31BECC1D7E}.Release|TwinCAT RT (x86).ActiveCfg = Release|TwinCAT RT (x86)
		{BC48869A-7B68-41B6-98F7-4C31BECC1D7E}.Release|TwinCAT RT (x86).Build.0 = Release|TwinCAT RT (x86)
		{82A3F242-AC3B-453E-A0A4-BFCD64C8A7A0}.Debug|TwinCAT CE7 (ARMV7).ActiveCfg = Debug|TwinCAT CE7 (ARMV7)
		{82A3F242-AC3B-453E-A0A4-BFCD64C8A7A0}.Debug|TwinCAT CE7 (ARMV7).Build.0 = Debug|TwinCAT CE7 (ARMV7)
		{82A3F242-AC3B-453E-A0A4-BFCD64C8A7A0}.Debug|TwinCAT OS (ARMT2).ActiveCfg = Debug|TwinCAT OS (x64-E)
		{82A3F242-AC3B-453E-A0A4-BFCD64C8A7A0}.Debug|TwinCAT OS (ARMT2).Build.0 = Debug|TwinCAT OS (x64-E)
		{82A3F242-AC3B-453E-A0A4-BFCD64C8A7A0}.Debug|TwinCAT OS (ARMV7-A).ActiveCfg = Debug|TwinCAT OS (ARMV7-A)
		{82A3F242-AC3B-453E-A0A4-BFCD64C8A7A0}.Debug|TwinCAT OS (ARMV7-A).Build.0 = Debug|TwinCAT OS (ARMV7-A)
		{82A3F242-AC3B-453E-A0A4-BFCD64C8A7A0}.Debug|TwinCAT OS (ARMV7-M).ActiveCfg = Debug|TwinCAT OS (ARMV7-M)
		{82A3F242-AC3B-453E-A0A4-BFCD64C8A7A0}.Debug|TwinCAT OS (ARMV7-M).Build.0 = Debug|TwinCAT OS (ARMV7-M)
		{82A3F242-AC3B-453E-A0A4-BFCD64C8A7A0}.Debug|TwinCAT OS (ARMV8-A).ActiveCfg = Debug|TwinCAT OS (ARMV8-A)
		{82A3F242-AC3B-453E-A0A4-BFCD64C8A7A0}.Debug|TwinCAT OS (ARMV8-A).Build.0 = Debug|TwinCAT OS (ARMV8-A)
		{82A3F242-AC3B-453E-A0A4-BFCD64C8A7A0}.Debug|TwinCAT OS (x64).ActiveCfg = Debug|TwinCAT OS (x64)
		{82A3F242-AC3B-453E-A0A4-BFCD64C8A7A0}.Debug|TwinCAT OS (x64).Build.0 = Debug|TwinCAT OS (x64)
		{82A3F242-AC3B-453E-A0A4-BFCD64C8A7A0}.Debug|TwinCAT OS (x64-E).ActiveCfg = Debug|TwinCAT OS (x64-E)
		{82A3F242-AC3B-453E-A0A4-BFCD64C8A7A0}.Debug|TwinCAT OS (x64-E).Build.0 = Debug|TwinCAT OS (x64-E)
		{82A3F242-AC3B-453E-A0A4-BFCD64C8A7A0}.Debug|TwinCAT RT (x64).ActiveCfg = Debug|TwinCAT RT (x64)
		{82A3F242-AC3B-453E-A0A4-BFCD64C8A7A0}.Debug|TwinCAT RT (x64).Build.0 = Debug|TwinCAT RT (x64)
		{82A3F242-AC3B-453E-A0A4-BFCD64C8A7A0}.Debug|TwinCAT RT (x86).ActiveCfg = Debug|TwinCAT RT (x86)
		{82A3F242-AC3B-453E-A0A4-BFCD64C8A7A0}.Debug|TwinCAT RT (x86).Build.0 = Debug|TwinCAT RT (x86)
		{82A3F242-AC3B-453E-A0A4-BFCD64C8A7A0}.Release|TwinCAT CE7 (ARMV7).ActiveCfg = Release|TwinCAT CE7 (ARMV7)
		{82A3F242-AC3B-453E-A0A4-BFCD64C8A7A0}.Release|TwinCAT CE7 (ARMV7).Build.0 = Release|TwinCAT CE7 (ARMV7)
		{82A3F242-AC3B-453E-A0A4-BFCD64C8A7A0}.Release|TwinCAT OS (ARMT2).ActiveCfg = Release|TwinCAT OS (x64-E)
		{82A3F242-AC3B-453E-A0A4-BFCD64C8A7A0}.Release|TwinCAT OS (ARMT2).Build.0 = Release|TwinCAT OS (x64-E)
		{82A3F242-AC3B-453E-A0A4-BFCD64C8A7A0}.Release|TwinCAT OS (ARMV7-A).ActiveCfg = Release|TwinCAT OS (ARMV7-A)
		{82A3F242-AC3B-453E-A0A4-BFCD64C8A7A0}.Release|TwinCAT OS (ARMV7-A).Build.0 = Release|TwinCAT OS (ARMV7-A)
		{82A3F242-AC3B-453E-A0A4-BFCD64C8A7A0}.Release|TwinCAT OS (ARMV7-M).ActiveCfg = Release|TwinCAT OS (ARMV7-M)
		{82A3F242-AC3B-453E-A0A4-BFCD64C8A7A0}.Release|TwinCAT OS (ARMV7-M).Build.0 = Release|TwinCAT OS (ARMV7-M)
		{82A3F242-AC3B-453E-A0A4-BFCD64C8A7A0}.Release|TwinCAT OS (ARMV8-A).ActiveCfg = Release|TwinCAT OS (ARMV8-A)
		{82A3F242-AC3B-453E-A0A4-BFCD64C8A7A0}.Release|TwinCAT OS (ARMV8-A).Build.0 = Release|TwinCAT OS (ARMV8-A)
		{82A3F242-AC3B-453E-A0A4-BFCD64C8A7A0}.Release|TwinCAT OS (x64).ActiveCfg = Release|TwinCAT OS (x64)
		{82A3F242-AC3B-453E-A0A4-BFCD64C8A7A0}.Release|TwinCAT OS (x64).Build.0 = Release|TwinCAT OS (x64)
		{82A3F242-AC3B-453E-A0A4-BFCD64C8A7A0}.Release|TwinCAT OS (x64-E).ActiveCfg = Release|TwinCAT OS (x64-E)
		{82A3F242-AC3B-453E-A0A4-BFCD64C8A7A0}.Release|TwinCAT OS (x64-E).Build.0 = Release|TwinCAT OS (x64-E)
		{82A3F242-AC3B-453E-A0A4-BFCD64C8A7A0}.Release|TwinCAT RT (x64).ActiveCfg = Release|TwinCAT RT (x64)
		{82A3F242-AC3B-453E-A0A4-BFCD64C8A7A0}.Release|TwinCAT RT (x64).Build.0 = Release|TwinCAT RT (x64)
		{82A3F242-AC3B-453E-A0A4-BFCD64C8A7A0}.Release|TwinCAT RT (x86).ActiveCfg = Release|TwinCAT RT (x86)
		{82A3F242-AC3B-453E-A0A4-BFCD64C8A7A0}.Release|TwinCAT RT (x86).Build.0 = Release|TwinCAT RT (x86)
		{03B7F1B7-B4C7-4F37-A31A-4CC67A8A935D}.Debug|TwinCAT CE7 (ARMV7).ActiveCfg = Debug|TwinCAT CE7 (ARMV7)
		{03B7F1B7-B4C7-4F37-A31A-4CC67A8A935D}.Debug|TwinCAT CE7 (ARMV7).Build.0 = Debug|TwinCAT CE7 (ARMV7)
		{03B7F1B7-B4C7-4F37-A31A-4CC67A8A935D}.Debug|TwinCAT OS (ARMT2).ActiveCfg = Debug|TwinCAT OS (x64-E)
		{03B7F1B7-B4C7-4F37-A31A-4CC67A8A935D}.Debug|TwinCAT OS (ARMT2).Build.0 = Debug|TwinCAT OS (x64-E)
		{03B7F1B7-B4C7-4F37-A31A-4CC67A8A935D}.Debug|TwinCAT OS (ARMV7-A).ActiveCfg = Debug|TwinCAT OS (ARMV7-A)
		{03B7F1B7-B4C7-4F37-A31A-4CC67A8A935D}.Debug|TwinCAT OS (ARMV7-A).Build.0 = Debug|TwinCAT OS (ARMV7-A)
		{03B7F1B7-B4C7-4F37-A31A-4CC67A8A935D}.Debug|TwinCAT OS (ARMV7-M).ActiveCfg = Debug|TwinCAT OS (ARMV7-M)
		{03B7F1B7-B4C7-4F37-A31A-4CC67A8A935D}.Debug|TwinCAT OS (ARMV7-M).Build.0 = Debug|TwinCAT OS (ARMV7-M)
		{03B7F1B7-B4C7-4F37-A31A-4CC67A8A935D}.Debug|TwinCAT OS (ARMV8-A).ActiveCfg = Debug|TwinCAT OS (ARMV8-A)
		{03B7F1B7-B4C7-4F37-A31A-4CC67A8A935D}.Debug|TwinCAT OS (ARMV8-A).Build.0 = Debug|TwinCAT OS (ARMV8-A)
		{03B7F1B7-B4C7-4F37-A31A-4CC67A8A935D}.Debug|TwinCAT OS (x64).ActiveCfg = Debug|TwinCAT OS (x64)
		{03B7F1B7-B4C7-4F37-A31A-4CC67A8A935D}.Debug|TwinCAT OS (x64).Build.0 = Debug|TwinCAT OS (x64)
		{03B7F1B7-B4C7-4F37-A31A-4CC67A8A935D}.Debug|TwinCAT OS (x64-E).ActiveCfg = Debug|TwinCAT OS (x64-E)
		{03B7F1B7-B4C7-4F37-A31A-4CC67A8A935D}.Debug|TwinCAT OS (x64-E).Build.0 = Debug|TwinCAT OS (x64-E)
		{03B7F1B7-B4C7-4F37-A31A-4CC67A8A935D}.Debug|TwinCAT RT (x64).ActiveCfg = Debug|TwinCAT RT (x64)
		{03B7F1B7-B4C7-4F37-A31A-4CC67A8A935D}.Debug|TwinCAT RT (x64).Build.0 = Debug|TwinCAT RT (x64)
		{03B7F1B7-B4C7-4F37-A31A-4CC67A8A935D}.Debug|TwinCAT RT (x86).ActiveCfg = Debug|TwinCAT RT (x86)
		{03B7F1B7-B4C7-4F37-A31A-4CC67A8A935D}.Debug|TwinCAT RT (x86).Build.0 = Debug|TwinCAT RT (x86)
		{03B7F1B7-B4C7-4F37-A31A-4CC67A8A935D}.Release|TwinCAT CE7 (ARMV7).ActiveCfg = Release|TwinCAT CE7 (ARMV7)
		{03B7F1B7-B4C7-4F37-A31A-4CC67A8A935D}.Release|TwinCAT CE7 (ARMV7).Build.0 = Release|TwinCAT CE7 (ARMV7)
		{03B7F1B7-B4C7-4F37-A31A-4CC67A8A935D}.Release|TwinCAT OS (ARMT2).ActiveCfg = Release|TwinCAT OS (x64-E)
		{03B7F1B7-B4C7-4F37-A31A-4CC67A8A935D}.Release|TwinCAT OS (ARMT2).Build.0 = Release|TwinCAT OS (x64-E)
		{03B7F1B7-B4C7-4F37-A31A-4CC67A8A935D}.Release|TwinCAT OS (ARMV7-A).ActiveCfg = Release|TwinCAT OS (ARMV7-A)
		{03B7F1B7-B4C7-4F37-A31A-4CC67A8A935D}.Release|TwinCAT OS (ARMV7-A).Build.0 = Release|TwinCAT OS (ARMV7-A)
		{03B7F1B7-B4C7-4F37-A31A-4CC67A8A935D}.Release|TwinCAT OS (ARMV7-M).ActiveCfg = Release|TwinCAT OS (ARMV7-M)
		{03B7F1B7-B4C7-4F37-A31A-4CC67A8A935D}.Release|TwinCAT OS (ARMV7-M).Build.0 = Release|TwinCAT OS (ARMV7-M)
		{03B7F1B7-B4C7-4F37-A31A-4CC67A8A935D}.Release|TwinCAT OS (ARMV8-A).ActiveCfg = Release|TwinCAT OS (ARMV8-A)
		{03B7F1B7-B4C7-4F37-A31A-4CC67A8A935D}.Release|TwinCAT OS (ARMV8-A).Build.0 = Release|TwinCAT OS (ARMV8-A)
		{03B7F1B7-B4C7-4F37-A31A-4CC67A8A935D}.Release|TwinCAT OS (x64).ActiveCfg = Release|TwinCAT OS (x64)
		{03B7F1B7-B4C7-4F37-A31A-4CC67A8A935D}.Release|TwinCAT OS (x64).Build.0 = Release|TwinCAT OS (x64)
		{03B7F1B7-B4C7-4F37-A31A-4CC67A8A935D}.Release|TwinCAT OS (x64-E).ActiveCfg = Release|TwinCAT OS (x64-E)
		{03B7F1B7-B4C7-4F37-A31A-4CC67A8A935D}.Release|TwinCAT OS (x64-E).Build.0 = Release|TwinCAT OS (x64-E)
		{03B7F1B7-B4C7-4F37-A31A-4CC67A8A935D}.Release|TwinCAT RT (x64).ActiveCfg = Release|TwinCAT RT (x64)
		{03B7F1B7-B4C7-4F37-A31A-4CC67A8A935D}.Release|TwinCAT RT (x64).Build.0 = Release|TwinCAT RT (x64)
		{03B7F1B7-B4C7-4F37-A31A-4CC67A8A935D}.Release|TwinCAT RT (x86).ActiveCfg = Release|TwinCAT RT (x86)
		{03B7F1B7-B4C7-4F37-A31A-4CC67A8A935D}.Release|TwinCAT RT (x86).Build.0 = Release|TwinCAT RT (x86)
		{3CCF50B0-6670-4D4A-8A82-F905B9A2780F}.Debug|TwinCAT CE7 (ARMV7).ActiveCfg = Debug|TwinCAT CE7 (ARMV7)
		{3CCF50B0-6670-4D4A-8A82-F905B9A2780F}.Debug|TwinCAT CE7 (ARMV7).Build.0 = Debug|TwinCAT CE7 (ARMV7)
		{3CCF50B0-6670-4D4A-8A82-F905B9A2780F}.Debug|TwinCAT OS (ARMT2).ActiveCfg = Debug|TwinCAT OS (x64-E)
		{3CCF50B0-6670-4D4A-8A82-F905B9A2780F}.Debug|TwinCAT OS (ARMT2).Build.0 = Debug|TwinCAT OS (x64-E)
		{3CCF50B0-6670-4D4A-8A82-F905B9A2780F}.Debug|TwinCAT OS (ARMV7-A).ActiveCfg = Debug|TwinCAT OS (ARMV7-A)
		{3CCF50B0-6670-4D4A-8A82-F905B9A2780F}.Debug|TwinCAT OS (ARMV7-A).Build.0 = Debug|TwinCAT OS (ARMV7-A)
		{3CCF50B0-6670-4D4A-8A82-F905B9A2780F}.Debug|TwinCAT OS (ARMV7-M).ActiveCfg = Debug|TwinCAT OS (ARMV7-M)
		{3CCF50B0-6670-4D4A-8A82-F905B9A2780F}.Debug|TwinCAT OS (ARMV7-M).Build.0 = Debug|TwinCAT OS (ARMV7-M)
		{3CCF50B0-6670-4D4A-8A82-F905B9A2780F}.Debug|TwinCAT OS (ARMV8-A).ActiveCfg = Debug|TwinCAT OS (ARMV8-A)
		{3CCF50B0-6670-4D4A-8A82-F905B9A2780F}.Debug|TwinCAT OS (ARMV8-A).Build.0 = Debug|TwinCAT OS (ARMV8-A)
		{3CCF50B0-6670-4D4A-8A82-F905B9A2780F}.Debug|TwinCAT OS (x64).ActiveCfg = Debug|TwinCAT OS (x64)
		{3CCF50B0-6670-4D4A-8A82-F905B9A2780F}.Debug|TwinCAT OS (x64).Build.0 = Debug|TwinCAT OS (x64)
		{3CCF50B0-6670-4D4A-8A82-F905B9A2780F}.Debug|TwinCAT OS (x64-E).ActiveCfg = Debug|TwinCAT OS (x64-E)
		{3CCF50B0-6670-4D4A-8A82-F905B9A2780F}.Debug|TwinCAT OS (x64-E).Build.0 = Debug|TwinCAT OS (x64-E)
		{3CCF50B0-6670-4D4A-8A82-F905B9A2780F}.Debug|TwinCAT RT (x64).ActiveCfg = Debug|TwinCAT RT (x64)
		{3CCF50B0-6670-4D4A-8A82-F905B9A2780F}.Debug|TwinCAT RT (x64).Build.0 = Debug|TwinCAT RT (x64)
		{3CCF50B0-6670-4D4A-8A82-F905B9A2780F}.Debug|TwinCAT RT (x86).ActiveCfg = Debug|TwinCAT RT (x86)
		{3CCF50B0-6670-4D4A-8A82-F905B9A2780F}.Debug|TwinCAT RT (x86).Build.0 = Debug|TwinCAT RT (x86)
		{3CCF50B0-6670-4D4A-8A82-F905B9A2780F}.Release|TwinCAT CE7 (ARMV7).ActiveCfg = Release|TwinCAT CE7 (ARMV7)
		{3CCF50B0-6670-4D4A-8A82-F905B9A2780F}.Release|TwinCAT CE7 (ARMV7).Build.0 = Release|TwinCAT CE7 (ARMV7)
		{3CCF50B0-6670-4D4A-8A82-F905B9A2780F}.Release|TwinCAT OS (ARMT2).ActiveCfg = Release|TwinCAT OS (x64-E)
		{3CCF50B0-6670-4D4A-8A82-F905B9A2780F}.Release|TwinCAT OS (ARMT2).Build.0 = Release|TwinCAT OS (x64-E)
		{3CCF50B0-6670-4D4A-8A82-F905B9A2780F}.Release|TwinCAT OS (ARMV7-A).ActiveCfg = Release|TwinCAT OS (ARMV7-A)
		{3CCF50B0-6670-4D4A-8A82-F905B9A2780F}.Release|TwinCAT OS (ARMV7-A).Build.0 = Release|TwinCAT OS (ARMV7-A)
		{3CCF50B0-6670-4D4A-8A82-F905B9A2780F}.Release|TwinCAT OS (ARMV7-M).ActiveCfg = Release|TwinCAT OS (ARMV7-M)
		{3CCF50B0-6670-4D4A-8A82-F905B9A2780F}.Release|TwinCAT OS (ARMV7-M).Build.0 = Release|TwinCAT OS (ARMV7-M)
		{3CCF50B0-6670-4D4A-8A82-F905B9A2780F}.Release|TwinCAT OS (ARMV8-A).ActiveCfg = Release|TwinCAT OS (ARMV8-A)
		{3CCF50B0-6670-4D4A-8A82-F905B9A2780F}.Release|TwinCAT OS (ARMV8-A).Build.0 = Release|TwinCAT OS (ARMV8-A)
		{3CCF50B0-6670-4D4A-8A82-F905B9A2780F}.Release|TwinCAT OS (x64).ActiveCfg = Release|TwinCAT OS (x64)
		{3CCF50B0-6670-4D4A-8A82-F905B9A2780F}.Release|TwinCAT OS (x64).Build.0 = Release|TwinCAT OS (x64)
		{3CCF50B0-6670-4D4A-8A82-F905B9A2780F}.Release|TwinCAT OS (x64-E).ActiveCfg = Release|TwinCAT OS (x64-E)
		{3CCF50B0-6670-4D4A-8A82-F905B9A2780F}.Release|TwinCAT OS (x64-E).Build.0 = Release|TwinCAT OS (x64-E)
		{3CCF50B0-6670-4D4A-8A82-F905B9A2780F}.Release|TwinCAT RT (x64).ActiveCfg = Release|TwinCAT RT (x64)
		{3CCF50B0-6670-4D4A-8A82-F905B9A2780F}.Release|TwinCAT RT (x64).Build.0 = Release|TwinCAT RT (x64)
		{3CCF50B0-6670-4D4A-8A82-F905B9A2780F}.Release|TwinCAT RT (x86).ActiveCfg = Release|TwinCAT RT (x86)
		{3CCF50B0-6670-4D4A-8A82-F905B9A2780F}.Release|TwinCAT RT (x86).Build.0 = Release|TwinCAT RT (x86)
		{05603282-9D8A-4045-BAAE-9394D4BCBF15}.Debug|TwinCAT CE7 (ARMV7).ActiveCfg = Debug|TwinCAT CE7 (ARMV7)
		{05603282-9D8A-4045-BAAE-9394D4BCBF15}.Debug|TwinCAT CE7 (ARMV7).Build.0 = Debug|TwinCAT CE7 (ARMV7)
		{05603282-9D8A-4045-BAAE-9394D4BCBF15}.Debug|TwinCAT OS (ARMT2).ActiveCfg = Debug|TwinCAT OS (x64-E)
		{05603282-9D8A-4045-BAAE-9394D4BCBF15}.Debug|TwinCAT OS (ARMT2).Build.0 = Debug|TwinCAT OS (x64-E)
		{05603282-9D8A-4045-BAAE-9394D4BCBF15}.Debug|TwinCAT OS (ARMV7-A).ActiveCfg = Debug|TwinCAT OS (ARMV7-A)
		{05603282-9D8A-4045-BAAE-9394D4BCBF15}.Debug|TwinCAT OS (ARMV7-A).Build.0 = Debug|TwinCAT OS (ARMV7-A)
		{05603282-9D8A-4045-BAAE-9394D4BCBF15}.Debug|TwinCAT OS (ARMV7-M).ActiveCfg = Debug|TwinCAT OS (ARMV7-M)
		{05603282-9D8A-4045-BAAE-9394D4BCBF15}.Debug|TwinCAT OS (ARMV7-M).Build.0 = Debug|TwinCAT OS (ARMV7-M)
		{05603282-9D8A-4045-BAAE-9394D4BCBF15}.Debug|TwinCAT OS (ARMV8-A).ActiveCfg = Debug|TwinCAT OS (ARMV8-A)
		{05603282-9D8A-4045-BAAE-9394D4BCBF15}.Debug|TwinCAT OS (ARMV8-A).Build.0 = Debug|TwinCAT OS (ARMV8-A)
		{05603282-9D8A-4045-BAAE-9394D4BCBF15}.Debug|TwinCAT OS (x64).ActiveCfg = Debug|TwinCAT OS (x64)
		{05603282-9D8A-4045-BAAE-9394D4BCBF15}.Debug|TwinCAT OS (x64).Build.0 = Debug|TwinCAT OS (x64)
		{05603282-9D8A-4045-BAAE-9394D4BCBF15}.Debug|TwinCAT OS (x64-E).ActiveCfg = Debug|TwinCAT OS (x64-E)
		{05603282-9D8A-4045-BAAE-9394D4BCBF15}.Debug|TwinCAT OS (x64-E).Build.0 = Debug|TwinCAT OS (x64-E)
		{05603282-9D8A-4045-BAAE-9394D4BCBF15}.Debug|TwinCAT RT (x64).ActiveCfg = Debug|TwinCAT RT (x64)
		{05603282-9D8A-4045-BAAE-9394D4BCBF15}.Debug|TwinCAT RT (x64).Build.0 = Debug|TwinCAT RT (x64)
		{05603282-9D8A-4045-BAAE-9394D4BCBF15}.Debug|TwinCAT RT (x86).ActiveCfg = Debug|TwinCAT RT (x86)
		{05603282-9D8A-4045-BAAE-9394D4BCBF15}.Debug|TwinCAT RT (x86).Build.0 = Debug|TwinCAT RT (x86)
		{05603282-9D8A-4045-BAAE-9394D4BCBF15}.Release|TwinCAT CE7 (ARMV7).ActiveCfg = Release|TwinCAT CE7 (ARMV7)
		{05603282-9D8A-4045-BAAE-9394D4BCBF15}.Release|TwinCAT CE7 (ARMV7).Build.0 = Release|TwinCAT CE7 (ARMV7)
		{05603282-9D8A-4045-BAAE-9394D4BCBF15}.Release|TwinCAT OS (ARMT2).ActiveCfg = Release|TwinCAT OS (x64-E)
		{05603282-9D8A-4045-BAAE-9394D4BCBF15}.Release|TwinCAT OS (ARMT2).Build.0 = Release|TwinCAT OS (x64-E)
		{05603282-9D8A-4045-BAAE-9394D4BCBF15}.Release|TwinCAT OS (ARMV7-A).ActiveCfg = Release|TwinCAT OS (ARMV7-A)
		{05603282-9D8A-4045-BAAE-9394D4BCBF15}.Release|TwinCAT OS (ARMV7-A).Build.0 = Release|TwinCAT OS (ARMV7-A)
		{05603282-9D8A-4045-BAAE-9394D4BCBF15}.Release|TwinCAT OS (ARMV7-M).ActiveCfg = Release|TwinCAT OS (ARMV7-M)
		{05603282-9D8A-4045-BAAE-9394D4BCBF15}.Release|TwinCAT OS (ARMV7-M).Build.0 = Release|TwinCAT OS (ARMV7-M)
		{05603282-9D8A-4045-BAAE-9394D4BCBF15}.Release|TwinCAT OS (ARMV8-A).ActiveCfg = Release|TwinCAT OS (ARMV8-A)
		{05603282-9D8A-4045-BAAE-9394D4BCBF15}.Release|TwinCAT OS (ARMV8-A).Build.0 = Release|TwinCAT OS (ARMV8-A)
		{05603282-9D8A-4045-BAAE-9394D4BCBF15}.Release|TwinCAT OS (x64).ActiveCfg = Release|TwinCAT OS (x64)
		{05603282-9D8A-4045-BAAE-9394D4BCBF15}.Release|TwinCAT OS (x64).Build.0 = Release|TwinCAT OS (x64)
		{05603282-9D8A-4045-BAAE-9394D4BCBF15}.Release|TwinCAT OS (x64-E).ActiveCfg = Release|TwinCAT OS (x64-E)
		{05603282-9D8A-4045-BAAE-9394D4BCBF15}.Release|TwinCAT OS (x64-E).Build.0 = Release|TwinCAT OS (x64-E)
		{05603282-9D8A-4045-BAAE-9394D4BCBF15}.Release|TwinCAT RT (x64).ActiveCfg = Release|TwinCAT RT (x64)
		{05603282-9D8A-4045-BAAE-9394D4BCBF15}.Release|TwinCAT RT (x64).Build.0 = Release|TwinCAT RT (x64)
		{05603282-9D8A-4045-BAAE-9394D4BCBF15}.Release|TwinCAT RT (x86).ActiveCfg = Release|TwinCAT RT (x86)
		{05603282-9D8A-4045-BAAE-9394D4BCBF15}.Release|TwinCAT RT (x86).Build.0 = Release|TwinCAT RT (x86)
		{BB50C0B0-460D-4E31-89A3-AE5CAD21BE9D}.Debug|TwinCAT CE7 (ARMV7).ActiveCfg = Debug|TwinCAT CE7 (ARMV7)
		{BB50C0B0-460D-4E31-89A3-AE5CAD21BE9D}.Debug|TwinCAT CE7 (ARMV7).Build.0 = Debug|TwinCAT CE7 (ARMV7)
		{BB50C0B0-460D-4E31-89A3-AE5CAD21BE9D}.Debug|TwinCAT OS (ARMT2).ActiveCfg = Debug|TwinCAT OS (x64-E)
		{BB50C0B0-460D-4E31-89A3-AE5CAD21BE9D}.Debug|TwinCAT OS (ARMT2).Build.0 = Debug|TwinCAT OS (x64-E)
		{BB50C0B0-460D-4E31-89A3-AE5CAD21BE9D}.Debug|TwinCAT OS (ARMV7-A).ActiveCfg = Debug|TwinCAT OS (ARMV7-A)
		{BB50C0B0-460D-4E31-89A3-AE5CAD21BE9D}.Debug|TwinCAT OS (ARMV7-A).Build.0 = Debug|TwinCAT OS (ARMV7-A)
		{BB50C0B0-460D-4E31-89A3-AE5CAD21BE9D}.Debug|TwinCAT OS (ARMV7-M).ActiveCfg = Debug|TwinCAT OS (ARMV7-M)
		{BB50C0B0-460D-4E31-89A3-AE5CAD21BE9D}.Debug|TwinCAT OS (ARMV7-M).Build.0 = Debug|TwinCAT OS (ARMV7-M)
		{BB50C0B0-460D-4E31-89A3-AE5CAD21BE9D}.Debug|TwinCAT OS (ARMV8-A).ActiveCfg = Debug|TwinCAT OS (ARMV8-A)
		{BB50C0B0-460D-4E31-89A3-AE5CAD21BE9D}.Debug|TwinCAT OS (ARMV8-A).Build.0 = Debug|TwinCAT OS (ARMV8-A)
		{BB50C0B0-460D-4E31-89A3-AE5CAD21BE9D}.Debug|TwinCAT OS (x64).ActiveCfg = Debug|TwinCAT OS (x64)
		{BB50C0B0-460D-4E31-89A3-AE5CAD21BE9D}.Debug|TwinCAT OS (x64).Build.0 = Debug|TwinCAT OS (x64)
		{BB50C0B0-460D-4E31-89A3-AE5CAD21BE9D}.Debug|TwinCAT OS (x64-E).ActiveCfg = Debug|TwinCAT OS (x64-E)
		{BB50C0B0-460D-4E31-89A3-AE5CAD21BE9D}.Debug|TwinCAT OS (x64-E).Build.0 = Debug|TwinCAT OS (x64-E)
		{BB50C0B0-460D-4E31-89A3-AE5CAD21BE9D}.Debug|TwinCAT RT (x64).ActiveCfg = Debug|TwinCAT RT (x64)
		{BB50C0B0-460D-4E31-89A3-AE5CAD21BE9D}.Debug|TwinCAT RT (x64).Build.0 = Debug|TwinCAT RT (x64)
		{BB50C0B0-460D-4E31-89A3-AE5CAD21BE9D}.Debug|TwinCAT RT (x86).ActiveCfg = Debug|TwinCAT RT (x86)
		{BB50C0B0-460D-4E31-89A3-AE5CAD21BE9D}.Debug|TwinCAT RT (x86).Build.0 = Debug|TwinCAT RT (x86)
		{BB50C0B0-460D-4E31-89A3-AE5CAD21BE9D}.Release|TwinCAT CE7 (ARMV7).ActiveCfg = Release|TwinCAT CE7 (ARMV7)
		{BB50C0B0-460D-4E31-89A3-AE5CAD21BE9D}.Release|TwinCAT CE7 (ARMV7).Build.0 = Release|TwinCAT CE7 (ARMV7)
		{BB50C0B0-460D-4E31-89A3-AE5CAD21BE9D}.Release|TwinCAT OS (ARMT2).ActiveCfg = Release|TwinCAT OS (x64-E)
		{BB50C0B0-460D-4E31-89A3-AE5CAD21BE9D}.Release|TwinCAT OS (ARMT2).Build.0 = Release|TwinCAT OS (x64-E)
		{BB50C0B0-460D-4E31-89A3-AE5CAD21BE9D}.Release|TwinCAT OS (ARMV7-A).ActiveCfg = Release|TwinCAT OS (ARMV7-A)
		{BB50C0B0-460D-4E31-89A3-AE5CAD21BE9D}.Release|TwinCAT OS (ARMV7-A).Build.0 = Release|TwinCAT OS (ARMV7-A)
		{BB50C0B0-460D-4E31-89A3-AE5CAD21BE9D}.Release|TwinCAT OS (ARMV7-M).ActiveCfg = Release|TwinCAT OS (ARMV7-M)
		{BB50C0B0-460D-4E31-89A3-AE5CAD21BE9D}.Release|TwinCAT OS (ARMV7-M).Build.0 = Release|TwinCAT OS (ARMV7-M)
		{BB50C0B0-460D-4E31-89A3-AE5CAD21BE9D}.Release|TwinCAT OS (ARMV8-A).ActiveCfg = Release|TwinCAT OS (ARMV8-A)
		{BB50C0B0-460D-4E31-89A3-AE5CAD21BE9D}.Release|TwinCAT OS (ARMV8-A).Build.0 = Release|TwinCAT OS (ARMV8-A)
		{BB50C0B0-460D-4E31-89A3-AE5CAD21BE9D}.Release|TwinCAT OS (x64).ActiveCfg = Release|TwinCAT OS (x64)
		{BB50C0B0-460D-4E31-89A3-AE5CAD21BE9D}.Release|TwinCAT OS (x64).Build.0 = Release|TwinCAT OS (x64)
		{BB50C0B0-460D-4E31-89A3-AE5CAD21BE9D}.Release|TwinCAT OS (x64-E).ActiveCfg = Release|TwinCAT OS (x64-E)
		{BB50C0B0-460D-4E31-89A3-AE5CAD21BE9D}.Release|TwinCAT OS (x64-E).Build.0 = Release|TwinCAT OS (x64-E)
		{BB50C0B0-460D-4E31-89A3-AE5CAD21BE9D}.Release|TwinCAT RT (x64).ActiveCfg = Release|TwinCAT RT (x64)
		{BB50C0B0-460D-4E31-89A3-AE5CAD21BE9D}.Release|TwinCAT RT (x64).Build.0 = Release|TwinCAT RT (x64)
		{BB50C0B0-460D-4E31-89A3-AE5CAD21BE9D}.Release|TwinCAT RT (x86).ActiveCfg = Release|TwinCAT RT (x86)
		{BB50C0B0-460D-4E31-89A3-AE5CAD21BE9D}.Release|TwinCAT RT (x86).Build.0 = Release|TwinCAT RT (x86)
		{203B7434-F47C-42A3-A911-D025784A7035}.Debug|TwinCAT CE7 (ARMV7).ActiveCfg = Debug|TwinCAT CE7 (ARMV7)
		{203B7434-F47C-42A3-A911-D025784A7035}.Debug|TwinCAT CE7 (ARMV7).Build.0 = Debug|TwinCAT CE7 (ARMV7)
		{203B7434-F47C-42A3-A911-D025784A7035}.Debug|TwinCAT OS (ARMT2).ActiveCfg = Debug|TwinCAT OS (x64-E)
		{203B7434-F47C-42A3-A911-D025784A7035}.Debug|TwinCAT OS (ARMT2).Build.0 = Debug|TwinCAT OS (x64-E)
		{203B7434-F47C-42A3-A911-D025784A7035}.Debug|TwinCAT OS (ARMV7-A).ActiveCfg = Debug|TwinCAT OS (ARMV7-A)
		{203B7434-F47C-42A3-A911-D025784A7035}.Debug|TwinCAT OS (ARMV7-A).Build.0 = Debug|TwinCAT OS (ARMV7-A)
		{203B7434-F47C-42A3-A911-D025784A7035}.Debug|TwinCAT OS (ARMV7-M).ActiveCfg = Debug|TwinCAT OS (ARMV7-M)
		{203B7434-F47C-42A3-A911-D025784A7035}.Debug|TwinCAT OS (ARMV7-M).Build.0 = Debug|TwinCAT OS (ARMV7-M)
		{203B7434-F47C-42A3-A911-D025784A7035}.Debug|TwinCAT OS (ARMV8-A).ActiveCfg = Debug|TwinCAT OS (ARMV8-A)
		{203B7434-F47C-42A3-A911-D025784A7035}.Debug|TwinCAT OS (ARMV8-A).Build.0 = Debug|TwinCAT OS (ARMV8-A)
		{203B7434-F47C-42A3-A911-D025784A7035}.Debug|TwinCAT OS (x64).ActiveCfg = Debug|TwinCAT OS (x64)
		{203B7434-F47C-42A3-A911-D025784A7035}.Debug|TwinCAT OS (x64).Build.0 = Debug|TwinCAT OS (x64)
		{203B7434-F47C-42A3-A911-D025784A7035}.Debug|TwinCAT OS (x64-E).ActiveCfg = Debug|TwinCAT OS (x64-E)
		{203B7434-F47C-42A3-A911-D025784A7035}.Debug|TwinCAT OS (x64-E).Build.0 = Debug|TwinCAT OS (x64-E)
		{203B7434-F47C-42A3-A911-D025784A7035}.Debug|TwinCAT RT (x64).ActiveCfg = Debug|TwinCAT RT (x64)
		{203B7434-F47C-42A3-A911-D025784A7035}.Debug|TwinCAT RT (x64).Build.0 = Debug|TwinCAT RT (x64)
		{203B7434-F47C-42A3-A911-D025784A7035}.Debug|TwinCAT RT (x86).ActiveCfg = Debug|TwinCAT RT (x86)
		{203B7434-F47C-42A3-A911-D025784A7035}.Debug|TwinCAT RT (x86).Build.0 = Debug|TwinCAT RT (x86)
		{203B7434-F47C-42A3-A911-D025784A7035}.Release|TwinCAT CE7 (ARMV7).ActiveCfg = Release|TwinCAT CE7 (ARMV7)
		{203B7434-F47C-42A3-A911-D025784A7035}.Release|TwinCAT CE7 (ARMV7).Build.0 = Release|TwinCAT CE7 (ARMV7)
		{203B7434-F47C-42A3-A911-D025784A7035}.Release|TwinCAT OS (ARMT2).ActiveCfg = Release|TwinCAT OS (x64-E)
		{203B7434-F47C-42A3-A911-D025784A7035}.Release|TwinCAT OS (ARMT2).Build.0 = Release|TwinCAT OS (x64-E)
		{203B7434-F47C-42A3-A911-D025784A7035}.Release|TwinCAT OS (ARMV7-A).ActiveCfg = Release|TwinCAT OS (ARMV7-A)
		{203B7434-F47C-42A3-A911-D025784A7035}.Release|TwinCAT OS (ARMV7-A).Build.0 = Release|TwinCAT OS (ARMV7-A)
		{203B7434-F47C-42A3-A911-D025784A7035}.Release|TwinCAT OS (ARMV7-M).ActiveCfg = Release|TwinCAT OS (ARMV7-M)
		{203B7434-F47C-42A3-A911-D025784A7035}.Release|TwinCAT OS (ARMV7-M).Build.0 = Release|TwinCAT OS (ARMV7-M)
		{203B7434-F47C-42A3-A911-D025784A7035}.Release|TwinCAT OS (ARMV8-A).ActiveCfg = Release|TwinCAT OS (ARMV8-A)
		{203B7434-F47C-42A3-A911-D025784A7035}.Release|TwinCAT OS (ARMV8-A).Build.0 = Release|TwinCAT OS (ARMV8-A)
		{203B7434-F47C-42A3-A911-D025784A7035}.Release|TwinCAT OS (x64).ActiveCfg = Release|TwinCAT OS (x64)
		{203B7434-F47C-42A3-A911-D025784A7035}.Release|TwinCAT OS (x64).Build.0 = Release|TwinCAT OS (x64)
		{203B7434-F47C-42A3-A911-D025784A7035}.Release|TwinCAT OS (x64-E).ActiveCfg = Release|TwinCAT OS (x64-E)
		{203B7434-F47C-42A3-A911-D025784A7035}.Release|TwinCAT OS (x64-E).Build.0 = Release|TwinCAT OS (x64-E)
		{203B7434-F47C-42A3-A911-D025784A7035}.Release|TwinCAT RT (x64).ActiveCfg = Release|TwinCAT RT (x64)
		{203B7434-F47C-42A3-A911-D025784A7035}.Release|TwinCAT RT (x64).Build.0 = Release|TwinCAT RT (x64)
		{203B7434-F47C-42A3-A911-D025784A7035}.Release|TwinCAT RT (x86).ActiveCfg = Release|TwinCAT RT (x86)
		{203B7434-F47C-42A3-A911-D025784A7035}.Release|TwinCAT RT (x86).Build.0 = Release|TwinCAT RT (x86)
		{C12771EA-78C2-43F6-9730-2F2881C63CA1}.Debug|TwinCAT CE7 (ARMV7).ActiveCfg = Debug|TwinCAT CE7 (ARMV7)
		{C12771EA-78C2-43F6-9730-2F2881C63CA1}.Debug|TwinCAT CE7 (ARMV7).Build.0 = Debug|TwinCAT CE7 (ARMV7)
		{C12771EA-78C2-43F6-9730-2F2881C63CA1}.Debug|TwinCAT OS (ARMT2).ActiveCfg = Debug|TwinCAT OS (x64-E)
		{C12771EA-78C2-43F6-9730-2F2881C63CA1}.Debug|TwinCAT OS (ARMT2).Build.0 = Debug|TwinCAT OS (x64-E)
		{C12771EA-78C2-43F6-9730-2F2881C63CA1}.Debug|TwinCAT OS (ARMV7-A).ActiveCfg = Debug|TwinCAT OS (ARMV7-A)
		{C12771EA-78C2-43F6-9730-2F2881C63CA1}.Debug|TwinCAT OS (ARMV7-A).Build.0 = Debug|TwinCAT OS (ARMV7-A)
		{C12771EA-78C2-43F6-9730-2F2881C63CA1}.Debug|TwinCAT OS (ARMV7-M).ActiveCfg = Debug|TwinCAT OS (ARMV7-M)
		{C12771EA-78C2-43F6-9730-2F2881C63CA1}.Debug|TwinCAT OS (ARMV7-M).Build.0 = Debug|TwinCAT OS (ARMV7-M)
		{C12771EA-78C2-43F6-9730-2F2881C63CA1}.Debug|TwinCAT OS (ARMV8-A).ActiveCfg = Debug|TwinCAT OS (ARMV8-A)
		{C12771EA-78C2-43F6-9730-2F2881C63CA1}.Debug|TwinCAT OS (ARMV8-A).Build.0 = Debug|TwinCAT OS (ARMV8-A)
		{C12771EA-78C2-43F6-9730-2F2881C63CA1}.Debug|TwinCAT OS (x64).ActiveCfg = Debug|TwinCAT OS (x64)
		{C12771EA-78C2-43F6-9730-2F2881C63CA1}.Debug|TwinCAT OS (x64).Build.0 = Debug|TwinCAT OS (x64)
		{C12771EA-78C2-43F6-9730-2F2881C63CA1}.Debug|TwinCAT OS (x64-E).ActiveCfg = Debug|TwinCAT OS (x64-E)
		{C12771EA-78C2-43F6-9730-2F2881C63CA1}.Debug|TwinCAT OS (x64-E).Build.0 = Debug|TwinCAT OS (x64-E)
		{C12771EA-78C2-43F6-9730-2F2881C63CA1}.Debug|TwinCAT RT (x64).ActiveCfg = Debug|TwinCAT RT (x64)
		{C12771EA-78C2-43F6-9730-2F2881C63CA1}.Debug|TwinCAT RT (x64).Build.0 = Debug|TwinCAT RT (x64)
		{C12771EA-78C2-43F6-9730-2F2881C63CA1}.Debug|TwinCAT RT (x86).ActiveCfg = Debug|TwinCAT RT (x86)
		{C12771EA-78C2-43F6-9730-2F2881C63CA1}.Debug|TwinCAT RT (x86).Build.0 = Debug|TwinCAT RT (x86)
		{C12771EA-78C2-43F6-9730-2F2881C63CA1}.Release|TwinCAT CE7 (ARMV7).ActiveCfg = Release|TwinCAT CE7 (ARMV7)
		{C12771EA-78C2-43F6-9730-2F2881C63CA1}.Release|TwinCAT CE7 (ARMV7).Build.0 = Release|TwinCAT CE7 (ARMV7)
		{C12771EA-78C2-43F6-9730-2F2881C63CA1}.Release|TwinCAT OS (ARMT2).ActiveCfg = Release|TwinCAT OS (x64-E)
		{C12771EA-78C2-43F6-9730-2F2881C63CA1}.Release|TwinCAT OS (ARMT2).Build.0 = Release|TwinCAT OS (x64-E)
		{C12771EA-78C2-43F6-9730-2F2881C63CA1}.Release|TwinCAT OS (ARMV7-A).ActiveCfg = Release|TwinCAT OS (ARMV7-A)
		{C12771EA-78C2-43F6-9730-2F2881C63CA1}.Release|TwinCAT OS (ARMV7-A).Build.0 = Release|TwinCAT OS (ARMV7-A)
		{C12771EA-78C2-43F6-9730-2F2881C63CA1}.Release|TwinCAT OS (ARMV7-M).ActiveCfg = Release|TwinCAT OS (ARMV7-M)
		{C12771EA-78C2-43F6-9730-2F2881C63CA1}.Release|TwinCAT OS (ARMV7-M).Build.0 = Release|TwinCAT OS (ARMV7-M)
		{C12771EA-78C2-43F6-9730-2F2881C63CA1}.Release|TwinCAT OS (ARMV8-A).ActiveCfg = Release|TwinCAT OS (ARMV8-A)
		{C12771EA-78C2-43F6-9730-2F2881C63CA1}.Release|TwinCAT OS (ARMV8-A).Build.0 = Release|TwinCAT OS (ARMV8-A)
		{C12771EA-78C2-43F6-9730-2F2881C63CA1}.Release|TwinCAT OS (x64).ActiveCfg = Release|TwinCAT OS (x64)
		{C12771EA-78C2-43F6-9730-2F2881C63CA1}.Release|TwinCAT OS (x64).Build.0 = Release|TwinCAT OS (x64)
		{C12771EA-78C2-43F6-9730-2F2881C63CA1}.Release|TwinCAT OS (x64-E).ActiveCfg = Release|TwinCAT OS (x64-E)
		{C12771EA-78C2-43F6-9730-2F2881C63CA1}.Release|TwinCAT OS (x64-E).Build.0 = Release|TwinCAT OS (x64-E)
		{C12771EA-78C2-43F6-9730-2F2881C63CA1}.Release|TwinCAT RT (x64).ActiveCfg = Release|TwinCAT RT (x64)
		{C12771EA-78C2-43F6-9730-2F2881C63CA1}.Release|TwinCAT RT (x64).Build.0 = Release|TwinCAT RT (x64)
		{C12771EA-78C2-43F6-9730-2F2881C63CA1}.Release|TwinCAT RT (x86).ActiveCfg = Release|TwinCAT RT (x86)
		{C12771EA-78C2-43F6-9730-2F2881C63CA1}.Release|TwinCAT RT (x86).Build.0 = Release|TwinCAT RT (x86)
		{EF1AC326-6CFC-4E9F-9999-18E04A6E1B39}.Debug|TwinCAT CE7 (ARMV7).ActiveCfg = Debug|TwinCAT CE7 (ARMV7)
		{EF1AC326-6CFC-4E9F-9999-18E04A6E1B39}.Debug|TwinCAT CE7 (ARMV7).Build.0 = Debug|TwinCAT CE7 (ARMV7)
		{EF1AC326-6CFC-4E9F-9999-18E04A6E1B39}.Debug|TwinCAT OS (ARMT2).ActiveCfg = Debug|TwinCAT OS (x64-E)
		{EF1AC326-6CFC-4E9F-9999-18E04A6E1B39}.Debug|TwinCAT OS (ARMT2).Build.0 = Debug|TwinCAT OS (x64-E)
		{EF1AC326-6CFC-4E9F-9999-18E04A6E1B39}.Debug|TwinCAT OS (ARMV7-A).ActiveCfg = Debug|TwinCAT OS (ARMV7-A)
		{EF1AC326-6CFC-4E9F-9999-18E04A6E1B39}.Debug|TwinCAT OS (ARMV7-A).Build.0 = Debug|TwinCAT OS (ARMV7-A)
		{EF1AC326-6CFC-4E9F-9999-18E04A6E1B39}.Debug|TwinCAT OS (ARMV7-M).ActiveCfg = Debug|TwinCAT OS (ARMV7-M)
		{EF1AC326-6CFC-4E9F-9999-18E04A6E1B39}.Debug|TwinCAT OS (ARMV7-M).Build.0 = Debug|TwinCAT OS (ARMV7-M)
		{EF1AC326-6CFC-4E9F-9999-18E04A6E1B39}.Debug|TwinCAT OS (ARMV8-A).ActiveCfg = Debug|TwinCAT OS (ARMV8-A)
		{EF1AC326-6CFC-4E9F-9999-18E04A6E1B39}.Debug|TwinCAT OS (ARMV8-A).Build.0 = Debug|TwinCAT OS (ARMV8-A)
		{EF1AC326-6CFC-4E9F-9999-18E04A6E1B39}.Debug|TwinCAT OS (x64).ActiveCfg = Debug|TwinCAT OS (x64)
		{EF1AC326-6CFC-4E9F-9999-18E04A6E1B39}.Debug|TwinCAT OS (x64).Build.0 = Debug|TwinCAT OS (x64)
		{EF1AC326-6CFC-4E9F-9999-18E04A6E1B39}.Debug|TwinCAT OS (x64-E).ActiveCfg = Debug|TwinCAT OS (x64-E)
		{EF1AC326-6CFC-4E9F-9999-18E04A6E1B39}.Debug|TwinCAT OS (x64-E).Build.0 = Debug|TwinCAT OS (x64-E)
		{EF1AC326-6CFC-4E9F-9999-18E04A6E1B39}.Debug|TwinCAT RT (x64).ActiveCfg = Debug|TwinCAT RT (x64)
		{EF1AC326-6CFC-4E9F-9999-18E04A6E1B39}.Debug|TwinCAT RT (x64).Build.0 = Debug|TwinCAT RT (x64)
		{EF1AC326-6CFC-4E9F-9999-18E04A6E1B39}.Debug|TwinCAT RT (x86).ActiveCfg = Debug|TwinCAT RT (x86)
		{EF1AC326-6CFC-4E9F-9999-18E04A6E1B39}.Debug|TwinCAT RT (x86).Build.0 = Debug|TwinCAT RT (x86)
		{EF1AC326-6CFC-4E9F-9999-18E04A6E1B39}.Release|TwinCAT CE7 (ARMV7).ActiveCfg = Release|TwinCAT CE7 (ARMV7)
		{EF1AC326-6CFC-4E9F-9999-18E04A6E1B39}.Release|TwinCAT CE7 (ARMV7).Build.0 = Release|TwinCAT CE7 (ARMV7)
		{EF1AC326-6CFC-4E9F-9999-18E04A6E1B39}.Release|TwinCAT OS (ARMT2).ActiveCfg = Release|TwinCAT OS (x64-E)
		{EF1AC326-6CFC-4E9F-9999-18E04A6E1B39}.Release|TwinCAT OS (ARMT2).Build.0 = Release|TwinCAT OS (x64-E)
		{EF1AC326-6CFC-4E9F-9999-18E04A6E1B39}.Release|TwinCAT OS (ARMV7-A).ActiveCfg = Release|TwinCAT OS (ARMV7-A)
		{EF1AC326-6CFC-4E9F-9999-18E04A6E1B39}.Release|TwinCAT OS (ARMV7-A).Build.0 = Release|TwinCAT OS (ARMV7-A)
		{EF1AC326-6CFC-4E9F-9999-18E04A6E1B39}.Release|TwinCAT OS (ARMV7-M).ActiveCfg = Release|TwinCAT OS (ARMV7-M)
		{EF1AC326-6CFC-4E9F-9999-18E04A6E1B39}.Release|TwinCAT OS (ARMV7-M).Build.0 = Release|TwinCAT OS (ARMV7-M)
		{EF1AC326-6CFC-4E9F-9999-18E04A6E1B39}.Release|TwinCAT OS (ARMV8-A).ActiveCfg = Release|TwinCAT OS (ARMV8-A)
		{EF1AC326-6CFC-4E9F-9999-18E04A6E1B39}.Release|TwinCAT OS (ARMV8-A).Build.0 = Release|TwinCAT OS (ARMV8-A)
		{EF1AC326-6CFC-4E9F-9999-18E04A6E1B39}.Release|TwinCAT OS (x64).ActiveCfg = Release|TwinCAT OS (x64)
		{EF1AC326-6CFC-4E9F-9999-18E04A6E1B39}.Release|TwinCAT OS (x64).Build.0 = Release|TwinCAT OS (x64)
		{EF1AC326-6CFC-4E9F-9999-18E04A6E1B39}.Release|TwinCAT OS (x64-E).ActiveCfg = Release|TwinCAT OS (x64-E)
		{EF1AC326-6CFC-4E9F-9999-18E04A6E1B39}.Release|TwinCAT OS (x64-E).Build.0 = Release|TwinCAT OS (x64-E)
		{EF1AC326-6CFC-4E9F-9999-18E04A6E1B39}.Release|TwinCAT RT (x64).ActiveCfg = Release|TwinCAT RT (x64)
		{EF1AC326-6CFC-4E9F-9999-18E04A6E1B39}.Release|TwinCAT RT (x64).Build.0 = Release|TwinCAT RT (x64)
		{EF1AC326-6CFC-4E9F-9999-18E04A6E1B39}.Release|TwinCAT RT (x86).ActiveCfg = Release|TwinCAT RT (x86)
		{EF1AC326-6CFC-4E9F-9999-18E04A6E1B39}.Release|TwinCAT RT (x86).Build.0 = Release|TwinCAT RT (x86)
		{5BB694AF-17FC-4786-862A-1DA620658FBD}.Debug|TwinCAT CE7 (ARMV7).ActiveCfg = Debug|TwinCAT CE7 (ARMV7)
		{5BB694AF-17FC-4786-862A-1DA620658FBD}.Debug|TwinCAT CE7 (ARMV7).Build.0 = Debug|TwinCAT CE7 (ARMV7)
		{5BB694AF-17FC-4786-862A-1DA620658FBD}.Debug|TwinCAT OS (ARMT2).ActiveCfg = Debug|TwinCAT OS (x64-E)
		{5BB694AF-17FC-4786-862A-1DA620658FBD}.Debug|TwinCAT OS (ARMT2).Build.0 = Debug|TwinCAT OS (x64-E)
		{5BB694AF-17FC-4786-862A-1DA620658FBD}.Debug|TwinCAT OS (ARMV7-A).ActiveCfg = Debug|TwinCAT OS (ARMV7-A)
		{5BB694AF-17FC-4786-862A-1DA620658FBD}.Debug|TwinCAT OS (ARMV7-A).Build.0 = Debug|TwinCAT OS (ARMV7-A)
		{5BB694AF-17FC-4786-862A-1DA620658FBD}.Debug|TwinCAT OS (ARMV7-M).ActiveCfg = Debug|TwinCAT OS (ARMV7-M)
		{5BB694AF-17FC-4786-862A-1DA620658FBD}.Debug|TwinCAT OS (ARMV7-M).Build.0 = Debug|TwinCAT OS (ARMV7-M)
		{5BB694AF-17FC-4786-862A-1DA620658FBD}.Debug|TwinCAT OS (ARMV8-A).ActiveCfg = Debug|TwinCAT OS (ARMV8-A)
		{5BB694AF-17FC-4786-862A-1DA620658FBD}.Debug|TwinCAT OS (ARMV8-A).Build.0 = Debug|TwinCAT OS (ARMV8-A)
		{5BB694AF-17FC-4786-862A-1DA620658FBD}.Debug|TwinCAT OS (x64).ActiveCfg = Debug|TwinCAT OS (x64)
		{5BB694AF-17FC-4786-862A-1DA620658FBD}.Debug|TwinCAT OS (x64).Build.0 = Debug|TwinCAT OS (x64)
		{5BB694AF-17FC-4786-862A-1DA620658FBD}.Debug|TwinCAT OS (x64-E).ActiveCfg = Debug|TwinCAT OS (x64-E)
		{5BB694AF-17FC-4786-862A-1DA620658FBD}.Debug|TwinCAT OS (x64-E).Build.0 = Debug|TwinCAT OS (x64-E)
		{5BB694AF-17FC-4786-862A-1DA620658FBD}.Debug|TwinCAT RT (x64).ActiveCfg = Debug|TwinCAT RT (x64)
		{5BB694AF-17FC-4786-862A-1DA620658FBD}.Debug|TwinCAT RT (x64).Build.0 = Debug|TwinCAT RT (x64)
		{5BB694AF-17FC-4786-862A-1DA620658FBD}.Debug|TwinCAT RT (x86).ActiveCfg = Debug|TwinCAT RT (x86)
		{5BB694AF-17FC-4786-862A-1DA620658FBD}.Debug|TwinCAT RT (x86).Build.0 = Debug|TwinCAT RT (x86)
		{5BB694AF-17FC-4786-862A-1DA620658FBD}.Release|TwinCAT CE7 (ARMV7).ActiveCfg = Release|TwinCAT CE7 (ARMV7)
		{5BB694AF-17FC-4786-862A-1DA620658FBD}.Release|TwinCAT CE7 (ARMV7).Build.0 = Release|TwinCAT CE7 (ARMV7)
		{5BB694AF-17FC-4786-862A-1DA620658FBD}.Release|TwinCAT OS (ARMT2).ActiveCfg = Release|TwinCAT OS (x64-E)
		{5BB694AF-17FC-4786-862A-1DA620658FBD}.Release|TwinCAT OS (ARMT2).Build.0 = Release|TwinCAT OS (x64-E)
		{5BB694AF-17FC-4786-862A-1DA620658FBD}.Release|TwinCAT OS (ARMV7-A).ActiveCfg = Release|TwinCAT OS (ARMV7-A)
		{5BB694AF-17FC-4786-862A-1DA620658FBD}.Release|TwinCAT OS (ARMV7-A).Build.0 = Release|TwinCAT OS (ARMV7-A)
		{5BB694AF-17FC-4786-862A-1DA620658FBD}.Release|TwinCAT OS (ARMV7-M).ActiveCfg = Release|TwinCAT OS (ARMV7-M)
		{5BB694AF-17FC-4786-862A-1DA620658FBD}.Release|TwinCAT OS (ARMV7-M).Build.0 = Release|TwinCAT OS (ARMV7-M)
		{5BB694AF-17FC-4786-862A-1DA620658FBD}.Release|TwinCAT OS (ARMV8-A).ActiveCfg = Release|TwinCAT OS (ARMV8-A)
		{5BB694AF-17FC-4786-862A-1DA620658FBD}.Release|TwinCAT OS (ARMV8-A).Build.0 = Release|TwinCAT OS (ARMV8-A)
		{5BB694AF-17FC-4786-862A-1DA620658FBD}.Release|TwinCAT OS (x64).ActiveCfg = Release|TwinCAT OS (x64)
		{5BB694AF-17FC-4786-862A-1DA620658FBD}.Release|TwinCAT OS (x64).Build.0 = Release|TwinCAT OS (x64)
		{5BB694AF-17FC-4786-862A-1DA620658FBD}.Release|TwinCAT OS (x64-E).ActiveCfg = Release|TwinCAT OS (x64-E)
		{5BB694AF-17FC-4786-862A-1DA620658FBD}.Release|TwinCAT OS (x64-E).Build.0 = Release|TwinCAT OS (x64-E)
		{5BB694AF-17FC-4786-862A-1DA620658FBD}.Release|TwinCAT RT (x64).ActiveCfg = Release|TwinCAT RT (x64)
		{5BB694AF-17FC-4786-862A-1DA620658FBD}.Release|TwinCAT RT (x64).Build.0 = Release|TwinCAT RT (x64)
		{5BB694AF-17FC-4786-862A-1DA620658FBD}.Release|TwinCAT RT (x86).ActiveCfg = Release|TwinCAT RT (x86)
		{5BB694AF-17FC-4786-862A-1DA620658FBD}.Release|TwinCAT RT (x86).Build.0 = Release|TwinCAT RT (x86)
		{EA575994-D3FB-42BF-B661-BC7E32E86938}.Debug|TwinCAT CE7 (ARMV7).ActiveCfg = Debug|TwinCAT CE7 (ARMV7)
		{EA575994-D3FB-42BF-B661-BC7E32E86938}.Debug|TwinCAT CE7 (ARMV7).Build.0 = Debug|TwinCAT CE7 (ARMV7)
		{EA575994-D3FB-42BF-B661-BC7E32E86938}.Debug|TwinCAT OS (ARMT2).ActiveCfg = Debug|TwinCAT OS (x64-E)
		{EA575994-D3FB-42BF-B661-BC7E32E86938}.Debug|TwinCAT OS (ARMT2).Build.0 = Debug|TwinCAT OS (x64-E)
		{EA575994-D3FB-42BF-B661-BC7E32E86938}.Debug|TwinCAT OS (ARMV7-A).ActiveCfg = Debug|TwinCAT OS (ARMV7-A)
		{EA575994-D3FB-42BF-B661-BC7E32E86938}.Debug|TwinCAT OS (ARMV7-A).Build.0 = Debug|TwinCAT OS (ARMV7-A)
		{EA575994-D3FB-42BF-B661-BC7E32E86938}.Debug|TwinCAT OS (ARMV7-M).ActiveCfg = Debug|TwinCAT OS (ARMV7-M)
		{EA575994-D3FB-42BF-B661-BC7E32E86938}.Debug|TwinCAT OS (ARMV7-M).Build.0 = Debug|TwinCAT OS (ARMV7-M)
		{EA575994-D3FB-42BF-B661-BC7E32E86938}.Debug|TwinCAT OS (ARMV8-A).ActiveCfg = Debug|TwinCAT OS (ARMV8-A)
		{EA575994-D3FB-42BF-B661-BC7E32E86938}.Debug|TwinCAT OS (ARMV8-A).Build.0 = Debug|TwinCAT OS (ARMV8-A)
		{EA575994-D3FB-42BF-B661-BC7E32E86938}.Debug|TwinCAT OS (x64).ActiveCfg = Debug|TwinCAT OS (x64)
		{EA575994-D3FB-42BF-B661-BC7E32E86938}.Debug|TwinCAT OS (x64).Build.0 = Debug|TwinCAT OS (x64)
		{EA575994-D3FB-42BF-B661-BC7E32E86938}.Debug|TwinCAT OS (x64-E).ActiveCfg = Debug|TwinCAT OS (x64-E)
		{EA575994-D3FB-42BF-B661-BC7E32E86938}.Debug|TwinCAT OS (x64-E).Build.0 = Debug|TwinCAT OS (x64-E)
		{EA575994-D3FB-42BF-B661-BC7E32E86938}.Debug|TwinCAT RT (x64).ActiveCfg = Debug|TwinCAT RT (x64)
		{EA575994-D3FB-42BF-B661-BC7E32E86938}.Debug|TwinCAT RT (x64).Build.0 = Debug|TwinCAT RT (x64)
		{EA575994-D3FB-42BF-B661-BC7E32E86938}.Debug|TwinCAT RT (x86).ActiveCfg = Debug|TwinCAT RT (x86)
		{EA575994-D3FB-42BF-B661-BC7E32E86938}.Debug|TwinCAT RT (x86).Build.0 = Debug|TwinCAT RT (x86)
		{EA575994-D3FB-42BF-B661-BC7E32E86938}.Release|TwinCAT CE7 (ARMV7).ActiveCfg = Release|TwinCAT CE7 (ARMV7)
		{EA575994-D3FB-42BF-B661-BC7E32E86938}.Release|TwinCAT CE7 (ARMV7).Build.0 = Release|TwinCAT CE7 (ARMV7)
		{EA575994-D3FB-42BF-B661-BC7E32E86938}.Release|TwinCAT OS (ARMT2).ActiveCfg = Release|TwinCAT OS (x64-E)
		{EA575994-D3FB-42BF-B661-BC7E32E86938}.Release|TwinCAT OS (ARMT2).Build.0 = Release|TwinCAT OS (x64-E)
		{EA575994-D3FB-42BF-B661-BC7E32E86938}.Release|TwinCAT OS (ARMV7-A).ActiveCfg = Release|TwinCAT OS (ARMV7-A)
		{EA575994-D3FB-42BF-B661-BC7E32E86938}.Release|TwinCAT OS (ARMV7-A).Build.0 = Release|TwinCAT OS (ARMV7-A)
		{EA575994-D3FB-42BF-B661-BC7E32E86938}.Release|TwinCAT OS (ARMV7-M).ActiveCfg = Release|TwinCAT OS (ARMV7-M)
		{EA575994-D3FB-42BF-B661-BC7E32E86938}.Release|TwinCAT OS (ARMV7-M).Build.0 = Release|TwinCAT OS (ARMV7-M)
		{EA575994-D3FB-42BF-B661-BC7E32E86938}.Release|TwinCAT OS (ARMV8-A).ActiveCfg = Release|TwinCAT OS (ARMV8-A)
		{EA575994-D3FB-42BF-B661-BC7E32E86938}.Release|TwinCAT OS (ARMV8-A).Build.0 = Release|TwinCAT OS (ARMV8-A)
		{EA575994-D3FB-42BF-B661-BC7E32E86938}.Release|TwinCAT OS (x64).ActiveCfg = Release|TwinCAT OS (x64)
		{EA575994-D3FB-42BF-B661-BC7E32E86938}.Release|TwinCAT OS (x64).Build.0 = Release|TwinCAT OS (x64)
		{EA575994-D3FB-42BF-B661-BC7E32E86938}.Release|TwinCAT OS (x64-E).ActiveCfg = Release|TwinCAT OS (x64-E)
		{EA575994-D3FB-42BF-B661-BC7E32E86938}.Release|TwinCAT OS (x64-E).Build.0 = Release|TwinCAT OS (x64-E)
		{EA575994-D3FB-42BF-B661-BC7E32E86938}.Release|TwinCAT RT (x64).ActiveCfg = Release|TwinCAT RT (x64)
		{EA575994-D3FB-42BF-B661-BC7E32E86938}.Release|TwinCAT RT (x64).Build.0 = Release|TwinCAT RT (x64)
		{EA575994-D3FB-42BF-B661-BC7E32E86938}.Release|TwinCAT RT (x86).ActiveCfg = Release|TwinCAT RT (x86)
		{EA575994-D3FB-42BF-B661-BC7E32E86938}.Release|TwinCAT RT (x86).Build.0 = Release|TwinCAT RT (x86)
		{04A28E30-40E3-4806-872D-3F0F0CEC9FF9}.Debug|TwinCAT CE7 (ARMV7).ActiveCfg = Debug|TwinCAT CE7 (ARMV7)
		{04A28E30-40E3-4806-872D-3F0F0CEC9FF9}.Debug|TwinCAT CE7 (ARMV7).Build.0 = Debug|TwinCAT CE7 (ARMV7)
		{04A28E30-40E3-4806-872D-3F0F0CEC9FF9}.Debug|TwinCAT OS (ARMT2).ActiveCfg = Debug|TwinCAT OS (x64-E)
		{04A28E30-40E3-4806-872D-3F0F0CEC9FF9}.Debug|TwinCAT OS (ARMT2).Build.0 = Debug|TwinCAT OS (x64-E)
		{04A28E30-40E3-4806-872D-3F0F0CEC9FF9}.Debug|TwinCAT OS (ARMV7-A).ActiveCfg = Debug|TwinCAT OS (ARMV7-A)
		{04A28E30-40E3-4806-872D-3F0F0CEC9FF9}.Debug|TwinCAT OS (ARMV7-A).Build.0 = Debug|TwinCAT OS (ARMV7-A)
		{04A28E30-40E3-4806-872D-3F0F0CEC9FF9}.Debug|TwinCAT OS (ARMV7-M).ActiveCfg = Debug|TwinCAT OS (ARMV7-M)
		{04A28E30-40E3-4806-872D-3F0F0CEC9FF9}.Debug|TwinCAT OS (ARMV7-M).Build.0 = Debug|TwinCAT OS (ARMV7-M)
		{04A28E30-40E3-4806-872D-3F0F0CEC9FF9}.Debug|TwinCAT OS (ARMV8-A).ActiveCfg = Debug|TwinCAT OS (ARMV8-A)
		{04A28E30-40E3-4806-872D-3F0F0CEC9FF9}.Debug|TwinCAT OS (ARMV8-A).Build.0 = Debug|TwinCAT OS (ARMV8-A)
		{04A28E30-40E3-4806-872D-3F0F0CEC9FF9}.Debug|TwinCAT OS (x64).ActiveCfg = Debug|TwinCAT OS (x64)
		{04A28E30-40E3-4806-872D-3F0F0CEC9FF9}.Debug|TwinCAT OS (x64).Build.0 = Debug|TwinCAT OS (x64)
		{04A28E30-40E3-4806-872D-3F0F0CEC9FF9}.Debug|TwinCAT OS (x64-E).ActiveCfg = Debug|TwinCAT OS (x64-E)
		{04A28E30-40E3-4806-872D-3F0F0CEC9FF9}.Debug|TwinCAT OS (x64-E).Build.0 = Debug|TwinCAT OS (x64-E)
		{04A28E30-40E3-4806-872D-3F0F0CEC9FF9}.Debug|TwinCAT RT (x64).ActiveCfg = Debug|TwinCAT RT (x64)
		{04A28E30-40E3-4806-872D-3F0F0CEC9FF9}.Debug|TwinCAT RT (x64).Build.0 = Debug|TwinCAT RT (x64)
		{04A28E30-40E3-4806-872D-3F0F0CEC9FF9}.Debug|TwinCAT RT (x86).ActiveCfg = Debug|TwinCAT RT (x86)
		{04A28E30-40E3-4806-872D-3F0F0CEC9FF9}.Debug|TwinCAT RT (x86).Build.0 = Debug|TwinCAT RT (x86)
		{04A28E30-40E3-4806-872D-3F0F0CEC9FF9}.Release|TwinCAT CE7 (ARMV7).ActiveCfg = Release|TwinCAT CE7 (ARMV7)
		{04A28E30-40E3-4806-872D-3F0F0CEC9FF9}.Release|TwinCAT CE7 (ARMV7).Build.0 = Release|TwinCAT CE7 (ARMV7)
		{04A28E30-40E3-4806-872D-3F0F0CEC9FF9}.Release|TwinCAT OS (ARMT2).ActiveCfg = Release|TwinCAT OS (x64-E)
		{04A28E30-40E3-4806-872D-3F0F0CEC9FF9}.Release|TwinCAT OS (ARMT2).Build.0 = Release|TwinCAT OS (x64-E)
		{04A28E30-40E3-4806-872D-3F0F0CEC9FF9}.Release|TwinCAT OS (ARMV7-A).ActiveCfg = Release|TwinCAT OS (ARMV7-A)
		{04A28E30-40E3-4806-872D-3F0F0CEC9FF9}.Release|TwinCAT OS (ARMV7-A).Build.0 = Release|TwinCAT OS (ARMV7-A)
		{04A28E30-40E3-4806-872D-3F0F0CEC9FF9}.Release|TwinCAT OS (ARMV7-M).ActiveCfg = Release|TwinCAT OS (ARMV7-M)
		{04A28E30-40E3-4806-872D-3F0F0CEC9FF9}.Release|TwinCAT OS (ARMV7-M).Build.0 = Release|TwinCAT OS (ARMV7-M)
		{04A28E30-40E3-4806-872D-3F0F0CEC9FF9}.Release|TwinCAT OS (ARMV8-A).ActiveCfg = Release|TwinCAT OS (ARMV8-A)
		{04A28E30-40E3-4806-872D-3F0F0CEC9FF9}.Release|TwinCAT OS (ARMV8-A).Build.0 = Release|TwinCAT OS (ARMV8-A)
		{04A28E30-40E3-4806-872D-3F0F0CEC9FF9}.Release|TwinCAT OS (x64).ActiveCfg = Release|TwinCAT OS (x64)
		{04A28E30-40E3-4806-872D-3F0F0CEC9FF9}.Release|TwinCAT OS (x64).Build.0 = Release|TwinCAT OS (x64)
		{04A28E30-40E3-4806-872D-3F0F0CEC9FF9}.Release|TwinCAT OS (x64-E).ActiveCfg = Release|TwinCAT OS (x64-E)
		{04A28E30-40E3-4806-872D-3F0F0CEC9FF9}.Release|TwinCAT OS (x64-E).Build.0 = Release|TwinCAT OS (x64-E)
		{04A28E30-40E3-4806-872D-3F0F0CEC9FF9}.Release|TwinCAT RT (x64).ActiveCfg = Release|TwinCAT RT (x64)
		{04A28E30-40E3-4806-872D-3F0F0CEC9FF9}.Release|TwinCAT RT (x64).Build.0 = Release|TwinCAT RT (x64)
		{04A28E30-40E3-4806-872D-3F0F0CEC9FF9}.Release|TwinCAT RT (x86).ActiveCfg = Release|TwinCAT RT (x86)
		{04A28E30-40E3-4806-872D-3F0F0CEC9FF9}.Release|TwinCAT RT (x86).Build.0 = Release|TwinCAT RT (x86)
		{73BD2D7C-AA84-4BC2-AF37-12F31D328CA5}.Debug|TwinCAT CE7 (ARMV7).ActiveCfg = Debug|TwinCAT CE7 (ARMV7)
		{73BD2D7C-AA84-4BC2-AF37-12F31D328CA5}.Debug|TwinCAT CE7 (ARMV7).Build.0 = Debug|TwinCAT CE7 (ARMV7)
		{73BD2D7C-AA84-4BC2-AF37-12F31D328CA5}.Debug|TwinCAT OS (ARMT2).ActiveCfg = Debug|TwinCAT OS (x64-E)
		{73BD2D7C-AA84-4BC2-AF37-12F31D328CA5}.Debug|TwinCAT OS (ARMT2).Build.0 = Debug|TwinCAT OS (x64-E)
		{73BD2D7C-AA84-4BC2-AF37-12F31D328CA5}.Debug|TwinCAT OS (ARMV7-A).ActiveCfg = Debug|TwinCAT OS (ARMV7-A)
		{73BD2D7C-AA84-4BC2-AF37-12F31D328CA5}.Debug|TwinCAT OS (ARMV7-A).Build.0 = Debug|TwinCAT OS (ARMV7-A)
		{73BD2D7C-AA84-4BC2-AF37-12F31D328CA5}.Debug|TwinCAT OS (ARMV7-M).ActiveCfg = Debug|TwinCAT OS (ARMV7-M)
		{73BD2D7C-AA84-4BC2-AF37-12F31D328CA5}.Debug|TwinCAT OS (ARMV7-M).Build.0 = Debug|TwinCAT OS (ARMV7-M)
		{73BD2D7C-AA84-4BC2-AF37-12F31D328CA5}.Debug|TwinCAT OS (ARMV8-A).ActiveCfg = Debug|TwinCAT OS (ARMV8-A)
		{73BD2D7C-AA84-4BC2-AF37-12F31D328CA5}.Debug|TwinCAT OS (ARMV8-A).Build.0 = Debug|TwinCAT OS (ARMV8-A)
		{73BD2D7C-AA84-4BC2-AF37-12F31D328CA5}.Debug|TwinCAT OS (x64).ActiveCfg = Debug|TwinCAT OS (x64)
		{73BD2D7C-AA84-4BC2-AF37-12F31D328CA5}.Debug|TwinCAT OS (x64).Build.0 = Debug|TwinCAT OS (x64)
		{73BD2D7C-AA84-4BC2-AF37-12F31D328CA5}.Debug|TwinCAT OS (x64-E).ActiveCfg = Debug|TwinCAT OS (x64-E)
		{73BD2D7C-AA84-4BC2-AF37-12F31D328CA5}.Debug|TwinCAT OS (x64-E).Build.0 = Debug|TwinCAT OS (x64-E)
		{73BD2D7C-AA84-4BC2-AF37-12F31D328CA5}.Debug|TwinCAT RT (x64).ActiveCfg = Debug|TwinCAT RT (x64)
		{73BD2D7C-AA84-4BC2-AF37-12F31D328CA5}.Debug|TwinCAT RT (x64).Build.0 = Debug|TwinCAT RT (x64)
		{73BD2D7C-AA84-4BC2-AF37-12F31D328CA5}.Debug|TwinCAT RT (x86).ActiveCfg = Debug|TwinCAT RT (x86)
		{73BD2D7C-AA84-4BC2-AF37-12F31D328CA5}.Debug|TwinCAT RT (x86).Build.0 = Debug|TwinCAT RT (x86)
		{73BD2D7C-AA84-4BC2-AF37-12F31D328CA5}.Release|TwinCAT CE7 (ARMV7).ActiveCfg = Release|TwinCAT CE7 (ARMV7)
		{73BD2D7C-AA84-4BC2-AF37-12F31D328CA5}.Release|TwinCAT CE7 (ARMV7).Build.0 = Release|TwinCAT CE7 (ARMV7)
		{73BD2D7C-AA84-4BC2-AF37-12F31D328CA5}.Release|TwinCAT OS (ARMT2).ActiveCfg = Release|TwinCAT OS (x64-E)
		{73BD2D7C-AA84-4BC2-AF37-12F31D328CA5}.Release|TwinCAT OS (ARMT2).Build.0 = Release|TwinCAT OS (x64-E)
		{73BD2D7C-AA84-4BC2-AF37-12F31D328CA5}.Release|TwinCAT OS (ARMV7-A).ActiveCfg = Release|TwinCAT OS (ARMV7-A)
		{73BD2D7C-AA84-4BC2-AF37-12F31D328CA5}.Release|TwinCAT OS (ARMV7-A).Build.0 = Release|TwinCAT OS (ARMV7-A)
		{73BD2D7C-AA84-4BC2-AF37-12F31D328CA5}.Release|TwinCAT OS (ARMV7-M).ActiveCfg = Release|TwinCAT OS (ARMV7-M)
		{73BD2D7C-AA84-4BC2-AF37-12F31D328CA5}.Release|TwinCAT OS (ARMV7-M).Build.0 = Release|TwinCAT OS (ARMV7-M)
		{73BD2D7C-AA84-4BC2-AF37-12F31D328CA5}.Release|TwinCAT OS (ARMV8-A).ActiveCfg = Release|TwinCAT OS (ARMV8-A)
		{73BD2D7C-AA84-4BC2-AF37-12F31D328CA5}.Release|TwinCAT OS (ARMV8-A).Build.0 = Release|TwinCAT OS (ARMV8-A)
		{73BD2D7C-AA84-4BC2-AF37-12F31D328CA5}.Release|TwinCAT OS (x64).ActiveCfg = Release|TwinCAT OS (x64)
		{73BD2D7C-AA84-4BC2-AF37-12F31D328CA5}.Release|TwinCAT OS (x64).Build.0 = Release|TwinCAT OS (x64)
		{73BD2D7C-AA84-4BC2-AF37-12F31D328CA5}.Release|TwinCAT OS (x64-E).ActiveCfg = Release|TwinCAT OS (x64-E)
		{73BD2D7C-AA84-4BC2-AF37-12F31D328CA5}.Release|TwinCAT OS (x64-E).Build.0 = Release|TwinCAT OS (x64-E)
		{73BD2D7C-AA84-4BC2-AF37-12F31D328CA5}.Release|TwinCAT RT (x64).ActiveCfg = Release|TwinCAT RT (x64)
		{73BD2D7C-AA84-4BC2-AF37-12F31D328CA5}.Release|TwinCAT RT (x64).Build.0 = Release|TwinCAT RT (x64)
		{73BD2D7C-AA84-4BC2-AF37-12F31D328CA5}.Release|TwinCAT RT (x86).ActiveCfg = Release|TwinCAT RT (x86)
		{73BD2D7C-AA84-4BC2-AF37-12F31D328CA5}.Release|TwinCAT RT (x86).Build.0 = Release|TwinCAT RT (x86)
		{7DB82D98-E394-486F-98BA-F8CBD45EC615}.Debug|TwinCAT CE7 (ARMV7).ActiveCfg = Debug|TwinCAT CE7 (ARMV7)
		{7DB82D98-E394-486F-98BA-F8CBD45EC615}.Debug|TwinCAT CE7 (ARMV7).Build.0 = Debug|TwinCAT CE7 (ARMV7)
		{7DB82D98-E394-486F-98BA-F8CBD45EC615}.Debug|TwinCAT OS (ARMT2).ActiveCfg = Debug|TwinCAT OS (x64-E)
		{7DB82D98-E394-486F-98BA-F8CBD45EC615}.Debug|TwinCAT OS (ARMT2).Build.0 = Debug|TwinCAT OS (x64-E)
		{7DB82D98-E394-486F-98BA-F8CBD45EC615}.Debug|TwinCAT OS (ARMV7-A).ActiveCfg = Debug|TwinCAT OS (ARMV7-A)
		{7DB82D98-E394-486F-98BA-F8CBD45EC615}.Debug|TwinCAT OS (ARMV7-A).Build.0 = Debug|TwinCAT OS (ARMV7-A)
		{7DB82D98-E394-486F-98BA-F8CBD45EC615}.Debug|TwinCAT OS (ARMV7-M).ActiveCfg = Debug|TwinCAT OS (ARMV7-M)
		{7DB82D98-E394-486F-98BA-F8CBD45EC615}.Debug|TwinCAT OS (ARMV7-M).Build.0 = Debug|TwinCAT OS (ARMV7-M)
		{7DB82D98-E394-486F-98BA-F8CBD45EC615}.Debug|TwinCAT OS (ARMV8-A).ActiveCfg = Debug|TwinCAT OS (ARMV8-A)
		{7DB82D98-E394-486F-98BA-F8CBD45EC615}.Debug|TwinCAT OS (ARMV8-A).Build.0 = Debug|TwinCAT OS (ARMV8-A)
		{7DB82D98-E394-486F-98BA-F8CBD45EC615}.Debug|TwinCAT OS (x64).ActiveCfg = Debug|TwinCAT OS (x64)
		{7DB82D98-E394-486F-98BA-F8CBD45EC615}.Debug|TwinCAT OS (x64).Build.0 = Debug|TwinCAT OS (x64)
		{7DB82D98-E394-486F-98BA-F8CBD45EC615}.Debug|TwinCAT OS (x64-E).ActiveCfg = Debug|TwinCAT OS (x64-E)
		{7DB82D98-E394-486F-98BA-F8CBD45EC615}.Debug|TwinCAT OS (x64-E).Build.0 = Debug|TwinCAT OS (x64-E)
		{7DB82D98-E394-486F-98BA-F8CBD45EC615}.Debug|TwinCAT RT (x64).ActiveCfg = Debug|TwinCAT RT (x64)
		{7DB82D98-E394-486F-98BA-F8CBD45EC615}.Debug|TwinCAT RT (x64).Build.0 = Debug|TwinCAT RT (x64)
		{7DB82D98-E394-486F-98BA-F8CBD45EC615}.Debug|TwinCAT RT (x86).ActiveCfg = Debug|TwinCAT RT (x86)
		{7DB82D98-E394-486F-98BA-F8CBD45EC615}.Debug|TwinCAT RT (x86).Build.0 = Debug|TwinCAT RT (x86)
		{7DB82D98-E394-486F-98BA-F8CBD45EC615}.Release|TwinCAT CE7 (ARMV7).ActiveCfg = Release|TwinCAT CE7 (ARMV7)
		{7DB82D98-E394-486F-98BA-F8CBD45EC615}.Release|TwinCAT CE7 (ARMV7).Build.0 = Release|TwinCAT CE7 (ARMV7)
		{7DB82D98-E394-486F-98BA-F8CBD45EC615}.Release|TwinCAT OS (ARMT2).ActiveCfg = Release|TwinCAT OS (x64-E)
		{7DB82D98-E394-486F-98BA-F8CBD45EC615}.Release|TwinCAT OS (ARMT2).Build.0 = Release|TwinCAT OS (x64-E)
		{7DB82D98-E394-486F-98BA-F8CBD45EC615}.Release|TwinCAT OS (ARMV7-A).ActiveCfg = Release|TwinCAT OS (ARMV7-A)
		{7DB82D98-E394-486F-98BA-F8CBD45EC615}.Release|TwinCAT OS (ARMV7-A).Build.0 = Release|TwinCAT OS (ARMV7-A)
		{7DB82D98-E394-486F-98BA-F8CBD45EC615}.Release|TwinCAT OS (ARMV7-M).ActiveCfg = Release|TwinCAT OS (ARMV7-M)
		{7DB82D98-E394-486F-98BA-F8CBD45EC615}.Release|TwinCAT OS (ARMV7-M).Build.0 = Release|TwinCAT OS (ARMV7-M)
		{7DB82D98-E394-486F-98BA-F8CBD45EC615}.Release|TwinCAT OS (ARMV8-A).ActiveCfg = Release|TwinCAT OS (ARMV8-A)
		{7DB82D98-E394-486F-98BA-F8CBD45EC615}.Release|TwinCAT OS (ARMV8-A).Build.0 = Release|TwinCAT OS (ARMV8-A)
		{7DB82D98-E394-486F-98BA-F8CBD45EC615}.Release|TwinCAT OS (x64).ActiveCfg = Release|TwinCAT OS (x64)
		{7DB82D98-E394-486F-98BA-F8CBD45EC615}.Release|TwinCAT OS (x64).Build.0 = Release|TwinCAT OS (x64)
		{7DB82D98-E394-486F-98BA-F8CBD45EC615}.Release|TwinCAT OS (x64-E).ActiveCfg = Release|TwinCAT OS (x64-E)
		{7DB82D98-E394-486F-98BA-F8CBD45EC615}.Release|TwinCAT OS (x64-E).Build.0 = Release|TwinCAT OS (x64-E)
		{7DB82D98-E394-486F-98BA-F8CBD45EC615}.Release|TwinCAT RT (x64).ActiveCfg = Release|TwinCAT RT (x64)
		{7DB82D98-E394-486F-98BA-F8CBD45EC615}.Release|TwinCAT RT (x64).Build.0 = Release|TwinCAT RT (x64)
		{7DB82D98-E394-486F-98BA-F8CBD45EC615}.Release|TwinCAT RT (x86).ActiveCfg = Release|TwinCAT RT (x86)
		{7DB82D98-E394-486F-98BA-F8CBD45EC615}.Release|TwinCAT RT (x86).Build.0 = Release|TwinCAT RT (x86)
	EndGlobalSection
	GlobalSection(SolutionProperties) = preSolution
		HideSolutionNode = FALSE
	EndGlobalSection
	GlobalSection(ExtensibilityGlobals) = postSolution
		SolutionGuid = {4E7F458B-4AFF-4314-8AD6-95E39FC249A6}
	EndGlobalSection
EndGlobal
